// !$*UTF8*$!
{
	archiveVersion = 1;
	classes = {
	};
	objectVersion = 56;
	objects = {

/* Begin PBXBuildFile section */
		A0047F472B8F58400068B1A1 /* AreaCatTableViewCell.swift in Sources */ = {isa = PBXBuildFile; fileRef = A0047F462B8F58400068B1A1 /* AreaCatTableViewCell.swift */; };
		A0047F492B8F59A50068B1A1 /* CatCollectionViewCell.swift in Sources */ = {isa = PBXBuildFile; fileRef = A0047F482B8F59A50068B1A1 /* CatCollectionViewCell.swift */; };
		A01A603F2B8DC21C00E3F372 /* ProfileViewModel.swift in Sources */ = {isa = PBXBuildFile; fileRef = A01A603E2B8DC21C00E3F372 /* ProfileViewModel.swift */; };
		A01A60422B8DC39000E3F372 /* UserSessionManager.swift in Sources */ = {isa = PBXBuildFile; fileRef = A01A60412B8DC39000E3F372 /* UserSessionManager.swift */; };
		A03833612B83A57400EBF5D8 /* Shop.swift in Sources */ = {isa = PBXBuildFile; fileRef = A03833602B83A57400EBF5D8 /* Shop.swift */; };
		A03833632B83B18200EBF5D8 /* HomeViewModel.swift in Sources */ = {isa = PBXBuildFile; fileRef = A03833622B83B18200EBF5D8 /* HomeViewModel.swift */; };
		A03A4FF02B778CF900605611 /* IQKeyboardManagerSwift in Frameworks */ = {isa = PBXBuildFile; productRef = A03A4FEF2B778CF900605611 /* IQKeyboardManagerSwift */; };
		A03F56D32B6B1ADF00B3E35B /* PaymentViewController.swift in Sources */ = {isa = PBXBuildFile; fileRef = A03F56D22B6B1ADF00B3E35B /* PaymentViewController.swift */; };
		A03F56D52B6B1C2300B3E35B /* StoreViewController.swift in Sources */ = {isa = PBXBuildFile; fileRef = A03F56D42B6B1C2300B3E35B /* StoreViewController.swift */; };
		A03F56D72B6B227500B3E35B /* UITabBar+Extension.swift in Sources */ = {isa = PBXBuildFile; fileRef = A03F56D62B6B227500B3E35B /* UITabBar+Extension.swift */; };
		A05A7DB72B82CF1D00DCEAF6 /* AuthenticationResponse.swift in Sources */ = {isa = PBXBuildFile; fileRef = A05A7DB62B82CF1D00DCEAF6 /* AuthenticationResponse.swift */; };
		A05A7DB92B82DFE400DCEAF6 /* APIManager.swift in Sources */ = {isa = PBXBuildFile; fileRef = A05A7DB82B82DFE400DCEAF6 /* APIManager.swift */; };
		A05A7DBB2B82E7B700DCEAF6 /* loading.json in Resources */ = {isa = PBXBuildFile; fileRef = A05A7DBA2B82E7B700DCEAF6 /* loading.json */; };
		A05A7DC02B83058400DCEAF6 /* ShopTableViewCell.swift in Sources */ = {isa = PBXBuildFile; fileRef = A05A7DBF2B83058400DCEAF6 /* ShopTableViewCell.swift */; };
		A05A7DC42B83155D00DCEAF6 /* StarRatingView.swift in Sources */ = {isa = PBXBuildFile; fileRef = A05A7DC32B83155D00DCEAF6 /* StarRatingView.swift */; };
		A05BE7072B69E8FB0030000D /* HomeViewController.swift in Sources */ = {isa = PBXBuildFile; fileRef = A05BE7062B69E8FB0030000D /* HomeViewController.swift */; };
		A05BE70A2B69FC9C0030000D /* Lottie in Frameworks */ = {isa = PBXBuildFile; productRef = A05BE7092B69FC9C0030000D /* Lottie */; };
		A05BE70F2B6A0F190030000D /* 404.json in Resources */ = {isa = PBXBuildFile; fileRef = A05BE70E2B6A0F190030000D /* 404.json */; };
		A05BE7112B6A123A0030000D /* cat-coffee.json in Resources */ = {isa = PBXBuildFile; fileRef = A05BE7102B6A123A0030000D /* cat-coffee.json */; };
		A05C506F2B6737A400A42F33 /* UIFont+Extension.swift in Sources */ = {isa = PBXBuildFile; fileRef = A05C506E2B6737A400A42F33 /* UIFont+Extension.swift */; };
		A068342A2B8DB16C0086CE59 /* profile.json in Resources */ = {isa = PBXBuildFile; fileRef = A06834292B8DB16C0086CE59 /* profile.json */; };
		A07051D22B7F4E7900DFC2F0 /* SignInViewModel.swift in Sources */ = {isa = PBXBuildFile; fileRef = A07051D12B7F4E7900DFC2F0 /* SignInViewModel.swift */; };
		A073C5F52B7ED534002263DB /* AuthenticationModel.swift in Sources */ = {isa = PBXBuildFile; fileRef = A073C5F42B7ED534002263DB /* AuthenticationModel.swift */; };
		A073C5F82B7ED612002263DB /* RegistrationViewModel.swift in Sources */ = {isa = PBXBuildFile; fileRef = A073C5F72B7ED612002263DB /* RegistrationViewModel.swift */; };
		A073C5FB2B7ED64C002263DB /* Alamofire in Frameworks */ = {isa = PBXBuildFile; productRef = A073C5FA2B7ED64C002263DB /* Alamofire */; };
		A073C5FD2B7ED860002263DB /* String+Extension.swift in Sources */ = {isa = PBXBuildFile; fileRef = A073C5FC2B7ED860002263DB /* String+Extension.swift */; };
		A0799CFB2B8AB6D200D1C318 /* SelectTableViewController.swift in Sources */ = {isa = PBXBuildFile; fileRef = A0799CFA2B8AB6D200D1C318 /* SelectTableViewController.swift */; };
		A07ED85D2B6544D300EA4E19 /* SignUpViewController.swift in Sources */ = {isa = PBXBuildFile; fileRef = A07ED8582B6544D300EA4E19 /* SignUpViewController.swift */; };
		A07ED85E2B6544D300EA4E19 /* GettingStartedViewController.swift in Sources */ = {isa = PBXBuildFile; fileRef = A07ED8592B6544D300EA4E19 /* GettingStartedViewController.swift */; };
		A07ED85F2B6544D300EA4E19 /* VCPreview.swift in Sources */ = {isa = PBXBuildFile; fileRef = A07ED85A2B6544D300EA4E19 /* VCPreview.swift */; };
		A07ED8602B6544D300EA4E19 /* UserProfileInputViewController.swift in Sources */ = {isa = PBXBuildFile; fileRef = A07ED85B2B6544D300EA4E19 /* UserProfileInputViewController.swift */; };
		A07ED8612B6544D300EA4E19 /* SignInViewController.swift in Sources */ = {isa = PBXBuildFile; fileRef = A07ED85C2B6544D300EA4E19 /* SignInViewController.swift */; };
		A07ED8732B65453000EA4E19 /* GettingStartedViewModel.swift in Sources */ = {isa = PBXBuildFile; fileRef = A07ED8632B65453000EA4E19 /* GettingStartedViewModel.swift */; };
		A07ED8742B65453000EA4E19 /* CircleView.swift in Sources */ = {isa = PBXBuildFile; fileRef = A07ED8652B65453000EA4E19 /* CircleView.swift */; };
		A07ED8752B65453000EA4E19 /* UIFactory.swift in Sources */ = {isa = PBXBuildFile; fileRef = A07ED8672B65453000EA4E19 /* UIFactory.swift */; };
		A07ED8772B65453000EA4E19 /* TextConstants.swift in Sources */ = {isa = PBXBuildFile; fileRef = A07ED86A2B65453000EA4E19 /* TextConstants.swift */; };
		A07ED8782B65453000EA4E19 /* UILabel+Extension.swift in Sources */ = {isa = PBXBuildFile; fileRef = A07ED86C2B65453000EA4E19 /* UILabel+Extension.swift */; };
		A07ED8792B65453000EA4E19 /* UIButton+Extension.swift in Sources */ = {isa = PBXBuildFile; fileRef = A07ED86D2B65453000EA4E19 /* UIButton+Extension.swift */; };
		A07ED87A2B65453000EA4E19 /* UIView+Extension.swift in Sources */ = {isa = PBXBuildFile; fileRef = A07ED86E2B65453000EA4E19 /* UIView+Extension.swift */; };
		A07ED87B2B65453000EA4E19 /* UIImage+Extension.swift in Sources */ = {isa = PBXBuildFile; fileRef = A07ED86F2B65453000EA4E19 /* UIImage+Extension.swift */; };
		A07ED87C2B65453000EA4E19 /* UINavigationController+Extension.swift in Sources */ = {isa = PBXBuildFile; fileRef = A07ED8702B65453000EA4E19 /* UINavigationController+Extension.swift */; };
		A07ED87D2B65453000EA4E19 /* UIScreen+Extension.swift in Sources */ = {isa = PBXBuildFile; fileRef = A07ED8712B65453000EA4E19 /* UIScreen+Extension.swift */; };
		A07ED87E2B65453000EA4E19 /* UITextField+Extension.swift in Sources */ = {isa = PBXBuildFile; fileRef = A07ED8722B65453000EA4E19 /* UITextField+Extension.swift */; };
		A086FB4F2B9005EC00B183E7 /* SelectTableViewModel.swift in Sources */ = {isa = PBXBuildFile; fileRef = A086FB4E2B9005EC00B183E7 /* SelectTableViewModel.swift */; };
		A0A9ED2F2B8ED3EA00CE1177 /* OrderFoodViewController.swift in Sources */ = {isa = PBXBuildFile; fileRef = A0A9ED2E2B8ED3EA00CE1177 /* OrderFoodViewController.swift */; };
		A0A9ED312B8ED3FB00CE1177 /* CatListViewController.swift in Sources */ = {isa = PBXBuildFile; fileRef = A0A9ED302B8ED3FB00CE1177 /* CatListViewController.swift */; };
		A0A9ED352B8ED94C00CE1177 /* MenuCollectionViewCell.swift in Sources */ = {isa = PBXBuildFile; fileRef = A0A9ED342B8ED94C00CE1177 /* MenuCollectionViewCell.swift */; };
		A0A9ED382B8EED1300CE1177 /* Booking.swift in Sources */ = {isa = PBXBuildFile; fileRef = A0A9ED372B8EED1300CE1177 /* Booking.swift */; };
		A0A9ED3A2B8F3B7E00CE1177 /* Area.swift in Sources */ = {isa = PBXBuildFile; fileRef = A0A9ED392B8F3B7E00CE1177 /* Area.swift */; };
		A0B7A8402B89B47B0059DD40 /* SeatCollectionViewCell.swift in Sources */ = {isa = PBXBuildFile; fileRef = A0B7A83F2B89B47B0059DD40 /* SeatCollectionViewCell.swift */; };
		A0BE75D32B6A323400DE6909 /* CreatePasswordViewController.swift in Sources */ = {isa = PBXBuildFile; fileRef = A0BE75D22B6A323400DE6909 /* CreatePasswordViewController.swift */; };
		A0BE75D52B6A333E00DE6909 /* authentication.json in Resources */ = {isa = PBXBuildFile; fileRef = A0BE75D42B6A333E00DE6909 /* authentication.json */; };
		A0BE75D92B6A517300DE6909 /* MainTabBarViewController.swift in Sources */ = {isa = PBXBuildFile; fileRef = A0BE75D82B6A517300DE6909 /* MainTabBarViewController.swift */; };
		A0BE75DB2B6A537700DE6909 /* BookingViewController.swift in Sources */ = {isa = PBXBuildFile; fileRef = A0BE75DA2B6A537700DE6909 /* BookingViewController.swift */; };
		A0BE75DD2B6A53A000DE6909 /* VoucherViewController.swift in Sources */ = {isa = PBXBuildFile; fileRef = A0BE75DC2B6A53A000DE6909 /* VoucherViewController.swift */; };
		A0CA272D2B6B99C300E3D640 /* ProfileViewController.swift in Sources */ = {isa = PBXBuildFile; fileRef = A0CA272C2B6B99C300E3D640 /* ProfileViewController.swift */; };
		A0CA9E782B8E0755006B75AC /* AreaTableViewCell.swift in Sources */ = {isa = PBXBuildFile; fileRef = A0CA9E772B8E0755006B75AC /* AreaTableViewCell.swift */; };
		A0CBF4FB2B8CDE5F008CFAD3 /* NameConstants.swift in Sources */ = {isa = PBXBuildFile; fileRef = A0CBF4FA2B8CDE5F008CFAD3 /* NameConstants.swift */; };
		A0CCF3A82B9052FF00D5014E /* BookingResponse.swift in Sources */ = {isa = PBXBuildFile; fileRef = A0CCF3A72B9052FF00D5014E /* BookingResponse.swift */; };
		A0D1D58D2B6B4C0A00CB1ED3 /* coffee.json in Resources */ = {isa = PBXBuildFile; fileRef = A0D1D58C2B6B4C0A00CB1ED3 /* coffee.json */; };
		A0DBF5B32B8334470072E139 /* ShopDetailsViewController.swift in Sources */ = {isa = PBXBuildFile; fileRef = A0DBF5B22B8334470072E139 /* ShopDetailsViewController.swift */; };
		A0DBF5B72B834C2B0072E139 /* ShopDetailsViewModel.swift in Sources */ = {isa = PBXBuildFile; fileRef = A0DBF5B62B834C2B0072E139 /* ShopDetailsViewModel.swift */; };
		A0F3EA9D2B653BDB0057860A /* AppDelegate.swift in Sources */ = {isa = PBXBuildFile; fileRef = A0F3EA9C2B653BDB0057860A /* AppDelegate.swift */; };
		A0F3EA9F2B653BDB0057860A /* SceneDelegate.swift in Sources */ = {isa = PBXBuildFile; fileRef = A0F3EA9E2B653BDB0057860A /* SceneDelegate.swift */; };
		A0F3EAA62B653BDD0057860A /* Assets.xcassets in Resources */ = {isa = PBXBuildFile; fileRef = A0F3EAA52B653BDD0057860A /* Assets.xcassets */; };
		A0F3EAA92B653BDD0057860A /* LaunchScreen.storyboard in Resources */ = {isa = PBXBuildFile; fileRef = A0F3EAA72B653BDD0057860A /* LaunchScreen.storyboard */; };
/* End PBXBuildFile section */

/* Begin PBXFileReference section */
		A0047F462B8F58400068B1A1 /* AreaCatTableViewCell.swift */ = {isa = PBXFileReference; lastKnownFileType = sourcecode.swift; path = AreaCatTableViewCell.swift; sourceTree = "<group>"; };
		A0047F482B8F59A50068B1A1 /* CatCollectionViewCell.swift */ = {isa = PBXFileReference; lastKnownFileType = sourcecode.swift; path = CatCollectionViewCell.swift; sourceTree = "<group>"; };
		A01A603E2B8DC21C00E3F372 /* ProfileViewModel.swift */ = {isa = PBXFileReference; lastKnownFileType = sourcecode.swift; path = ProfileViewModel.swift; sourceTree = "<group>"; };
		A01A60412B8DC39000E3F372 /* UserSessionManager.swift */ = {isa = PBXFileReference; lastKnownFileType = sourcecode.swift; path = UserSessionManager.swift; sourceTree = "<group>"; };
		A03833602B83A57400EBF5D8 /* Shop.swift */ = {isa = PBXFileReference; lastKnownFileType = sourcecode.swift; path = Shop.swift; sourceTree = "<group>"; };
		A03833622B83B18200EBF5D8 /* HomeViewModel.swift */ = {isa = PBXFileReference; lastKnownFileType = sourcecode.swift; path = HomeViewModel.swift; sourceTree = "<group>"; };
		A03F56D22B6B1ADF00B3E35B /* PaymentViewController.swift */ = {isa = PBXFileReference; lastKnownFileType = sourcecode.swift; path = PaymentViewController.swift; sourceTree = "<group>"; };
		A03F56D42B6B1C2300B3E35B /* StoreViewController.swift */ = {isa = PBXFileReference; lastKnownFileType = sourcecode.swift; path = StoreViewController.swift; sourceTree = "<group>"; };
		A03F56D62B6B227500B3E35B /* UITabBar+Extension.swift */ = {isa = PBXFileReference; lastKnownFileType = sourcecode.swift; path = "UITabBar+Extension.swift"; sourceTree = "<group>"; };
		A05A7DB62B82CF1D00DCEAF6 /* AuthenticationResponse.swift */ = {isa = PBXFileReference; lastKnownFileType = sourcecode.swift; path = AuthenticationResponse.swift; sourceTree = "<group>"; };
		A05A7DB82B82DFE400DCEAF6 /* APIManager.swift */ = {isa = PBXFileReference; lastKnownFileType = sourcecode.swift; path = APIManager.swift; sourceTree = "<group>"; };
		A05A7DBA2B82E7B700DCEAF6 /* loading.json */ = {isa = PBXFileReference; fileEncoding = 4; lastKnownFileType = text.json; path = loading.json; sourceTree = "<group>"; };
		A05A7DBF2B83058400DCEAF6 /* ShopTableViewCell.swift */ = {isa = PBXFileReference; lastKnownFileType = sourcecode.swift; path = ShopTableViewCell.swift; sourceTree = "<group>"; };
		A05A7DC32B83155D00DCEAF6 /* StarRatingView.swift */ = {isa = PBXFileReference; lastKnownFileType = sourcecode.swift; path = StarRatingView.swift; sourceTree = "<group>"; };
		A05BE7062B69E8FB0030000D /* HomeViewController.swift */ = {isa = PBXFileReference; lastKnownFileType = sourcecode.swift; path = HomeViewController.swift; sourceTree = "<group>"; };
		A05BE70E2B6A0F190030000D /* 404.json */ = {isa = PBXFileReference; fileEncoding = 4; lastKnownFileType = text.json; path = 404.json; sourceTree = "<group>"; };
		A05BE7102B6A123A0030000D /* cat-coffee.json */ = {isa = PBXFileReference; fileEncoding = 4; lastKnownFileType = text.json; path = "cat-coffee.json"; sourceTree = "<group>"; };
		A05C506E2B6737A400A42F33 /* UIFont+Extension.swift */ = {isa = PBXFileReference; lastKnownFileType = sourcecode.swift; path = "UIFont+Extension.swift"; sourceTree = "<group>"; };
		A06834292B8DB16C0086CE59 /* profile.json */ = {isa = PBXFileReference; fileEncoding = 4; lastKnownFileType = text.json; path = profile.json; sourceTree = "<group>"; };
		A07051D12B7F4E7900DFC2F0 /* SignInViewModel.swift */ = {isa = PBXFileReference; lastKnownFileType = sourcecode.swift; path = SignInViewModel.swift; sourceTree = "<group>"; };
		A073C5F42B7ED534002263DB /* AuthenticationModel.swift */ = {isa = PBXFileReference; lastKnownFileType = sourcecode.swift; path = AuthenticationModel.swift; sourceTree = "<group>"; };
		A073C5F72B7ED612002263DB /* RegistrationViewModel.swift */ = {isa = PBXFileReference; lastKnownFileType = sourcecode.swift; path = RegistrationViewModel.swift; sourceTree = "<group>"; };
		A073C5FC2B7ED860002263DB /* String+Extension.swift */ = {isa = PBXFileReference; lastKnownFileType = sourcecode.swift; path = "String+Extension.swift"; sourceTree = "<group>"; };
		A0799CFA2B8AB6D200D1C318 /* SelectTableViewController.swift */ = {isa = PBXFileReference; lastKnownFileType = sourcecode.swift; path = SelectTableViewController.swift; sourceTree = "<group>"; };
		A07ED8582B6544D300EA4E19 /* SignUpViewController.swift */ = {isa = PBXFileReference; fileEncoding = 4; lastKnownFileType = sourcecode.swift; path = SignUpViewController.swift; sourceTree = "<group>"; };
		A07ED8592B6544D300EA4E19 /* GettingStartedViewController.swift */ = {isa = PBXFileReference; fileEncoding = 4; lastKnownFileType = sourcecode.swift; path = GettingStartedViewController.swift; sourceTree = "<group>"; };
		A07ED85A2B6544D300EA4E19 /* VCPreview.swift */ = {isa = PBXFileReference; fileEncoding = 4; lastKnownFileType = sourcecode.swift; path = VCPreview.swift; sourceTree = "<group>"; };
		A07ED85B2B6544D300EA4E19 /* UserProfileInputViewController.swift */ = {isa = PBXFileReference; fileEncoding = 4; lastKnownFileType = sourcecode.swift; path = UserProfileInputViewController.swift; sourceTree = "<group>"; };
		A07ED85C2B6544D300EA4E19 /* SignInViewController.swift */ = {isa = PBXFileReference; fileEncoding = 4; lastKnownFileType = sourcecode.swift; path = SignInViewController.swift; sourceTree = "<group>"; };
		A07ED8632B65453000EA4E19 /* GettingStartedViewModel.swift */ = {isa = PBXFileReference; fileEncoding = 4; lastKnownFileType = sourcecode.swift; path = GettingStartedViewModel.swift; sourceTree = "<group>"; };
		A07ED8652B65453000EA4E19 /* CircleView.swift */ = {isa = PBXFileReference; fileEncoding = 4; lastKnownFileType = sourcecode.swift; path = CircleView.swift; sourceTree = "<group>"; };
		A07ED8672B65453000EA4E19 /* UIFactory.swift */ = {isa = PBXFileReference; fileEncoding = 4; lastKnownFileType = sourcecode.swift; path = UIFactory.swift; sourceTree = "<group>"; };
		A07ED86A2B65453000EA4E19 /* TextConstants.swift */ = {isa = PBXFileReference; fileEncoding = 4; lastKnownFileType = sourcecode.swift; path = TextConstants.swift; sourceTree = "<group>"; };
		A07ED86C2B65453000EA4E19 /* UILabel+Extension.swift */ = {isa = PBXFileReference; fileEncoding = 4; lastKnownFileType = sourcecode.swift; path = "UILabel+Extension.swift"; sourceTree = "<group>"; };
		A07ED86D2B65453000EA4E19 /* UIButton+Extension.swift */ = {isa = PBXFileReference; fileEncoding = 4; lastKnownFileType = sourcecode.swift; path = "UIButton+Extension.swift"; sourceTree = "<group>"; };
		A07ED86E2B65453000EA4E19 /* UIView+Extension.swift */ = {isa = PBXFileReference; fileEncoding = 4; lastKnownFileType = sourcecode.swift; path = "UIView+Extension.swift"; sourceTree = "<group>"; };
		A07ED86F2B65453000EA4E19 /* UIImage+Extension.swift */ = {isa = PBXFileReference; fileEncoding = 4; lastKnownFileType = sourcecode.swift; path = "UIImage+Extension.swift"; sourceTree = "<group>"; };
		A07ED8702B65453000EA4E19 /* UINavigationController+Extension.swift */ = {isa = PBXFileReference; fileEncoding = 4; lastKnownFileType = sourcecode.swift; path = "UINavigationController+Extension.swift"; sourceTree = "<group>"; };
		A07ED8712B65453000EA4E19 /* UIScreen+Extension.swift */ = {isa = PBXFileReference; fileEncoding = 4; lastKnownFileType = sourcecode.swift; path = "UIScreen+Extension.swift"; sourceTree = "<group>"; };
		A07ED8722B65453000EA4E19 /* UITextField+Extension.swift */ = {isa = PBXFileReference; fileEncoding = 4; lastKnownFileType = sourcecode.swift; path = "UITextField+Extension.swift"; sourceTree = "<group>"; };
		A086FB4E2B9005EC00B183E7 /* SelectTableViewModel.swift */ = {isa = PBXFileReference; lastKnownFileType = sourcecode.swift; path = SelectTableViewModel.swift; sourceTree = "<group>"; };
		A0A9ED2E2B8ED3EA00CE1177 /* OrderFoodViewController.swift */ = {isa = PBXFileReference; lastKnownFileType = sourcecode.swift; path = OrderFoodViewController.swift; sourceTree = "<group>"; };
		A0A9ED302B8ED3FB00CE1177 /* CatListViewController.swift */ = {isa = PBXFileReference; lastKnownFileType = sourcecode.swift; path = CatListViewController.swift; sourceTree = "<group>"; };
		A0A9ED342B8ED94C00CE1177 /* MenuCollectionViewCell.swift */ = {isa = PBXFileReference; lastKnownFileType = sourcecode.swift; path = MenuCollectionViewCell.swift; sourceTree = "<group>"; };
		A0A9ED372B8EED1300CE1177 /* Booking.swift */ = {isa = PBXFileReference; lastKnownFileType = sourcecode.swift; path = Booking.swift; sourceTree = "<group>"; };
		A0A9ED392B8F3B7E00CE1177 /* Area.swift */ = {isa = PBXFileReference; lastKnownFileType = sourcecode.swift; path = Area.swift; sourceTree = "<group>"; };
		A0B7A83F2B89B47B0059DD40 /* SeatCollectionViewCell.swift */ = {isa = PBXFileReference; lastKnownFileType = sourcecode.swift; path = SeatCollectionViewCell.swift; sourceTree = "<group>"; };
		A0BE75D22B6A323400DE6909 /* CreatePasswordViewController.swift */ = {isa = PBXFileReference; lastKnownFileType = sourcecode.swift; path = CreatePasswordViewController.swift; sourceTree = "<group>"; };
		A0BE75D42B6A333E00DE6909 /* authentication.json */ = {isa = PBXFileReference; fileEncoding = 4; lastKnownFileType = text.json; path = authentication.json; sourceTree = "<group>"; };
		A0BE75D82B6A517300DE6909 /* MainTabBarViewController.swift */ = {isa = PBXFileReference; lastKnownFileType = sourcecode.swift; path = MainTabBarViewController.swift; sourceTree = "<group>"; };
		A0BE75DA2B6A537700DE6909 /* BookingViewController.swift */ = {isa = PBXFileReference; lastKnownFileType = sourcecode.swift; path = BookingViewController.swift; sourceTree = "<group>"; };
		A0BE75DC2B6A53A000DE6909 /* VoucherViewController.swift */ = {isa = PBXFileReference; lastKnownFileType = sourcecode.swift; path = VoucherViewController.swift; sourceTree = "<group>"; };
		A0CA272C2B6B99C300E3D640 /* ProfileViewController.swift */ = {isa = PBXFileReference; lastKnownFileType = sourcecode.swift; path = ProfileViewController.swift; sourceTree = "<group>"; };
		A0CA9E772B8E0755006B75AC /* AreaTableViewCell.swift */ = {isa = PBXFileReference; lastKnownFileType = sourcecode.swift; path = AreaTableViewCell.swift; sourceTree = "<group>"; };
		A0CBF4FA2B8CDE5F008CFAD3 /* NameConstants.swift */ = {isa = PBXFileReference; fileEncoding = 4; lastKnownFileType = sourcecode.swift; path = NameConstants.swift; sourceTree = "<group>"; };
		A0CCF3A72B9052FF00D5014E /* BookingResponse.swift */ = {isa = PBXFileReference; lastKnownFileType = sourcecode.swift; path = BookingResponse.swift; sourceTree = "<group>"; };
		A0D1D58C2B6B4C0A00CB1ED3 /* coffee.json */ = {isa = PBXFileReference; fileEncoding = 4; lastKnownFileType = text.json; path = coffee.json; sourceTree = "<group>"; };
		A0DBF5B22B8334470072E139 /* ShopDetailsViewController.swift */ = {isa = PBXFileReference; lastKnownFileType = sourcecode.swift; path = ShopDetailsViewController.swift; sourceTree = "<group>"; };
		A0DBF5B62B834C2B0072E139 /* ShopDetailsViewModel.swift */ = {isa = PBXFileReference; lastKnownFileType = sourcecode.swift; path = ShopDetailsViewModel.swift; sourceTree = "<group>"; };
		A0F3EA992B653BDB0057860A /* coffee-cat.app */ = {isa = PBXFileReference; explicitFileType = wrapper.application; includeInIndex = 0; path = "coffee-cat.app"; sourceTree = BUILT_PRODUCTS_DIR; };
		A0F3EA9C2B653BDB0057860A /* AppDelegate.swift */ = {isa = PBXFileReference; lastKnownFileType = sourcecode.swift; path = AppDelegate.swift; sourceTree = "<group>"; };
		A0F3EA9E2B653BDB0057860A /* SceneDelegate.swift */ = {isa = PBXFileReference; lastKnownFileType = sourcecode.swift; path = SceneDelegate.swift; sourceTree = "<group>"; };
		A0F3EAA52B653BDD0057860A /* Assets.xcassets */ = {isa = PBXFileReference; lastKnownFileType = folder.assetcatalog; path = Assets.xcassets; sourceTree = "<group>"; };
		A0F3EAA82B653BDD0057860A /* Base */ = {isa = PBXFileReference; lastKnownFileType = file.storyboard; name = Base; path = Base.lproj/LaunchScreen.storyboard; sourceTree = "<group>"; };
		A0F3EAAA2B653BDD0057860A /* Info.plist */ = {isa = PBXFileReference; lastKnownFileType = text.plist.xml; path = Info.plist; sourceTree = "<group>"; };
/* End PBXFileReference section */

/* Begin PBXFrameworksBuildPhase section */
		A0F3EA962B653BDB0057860A /* Frameworks */ = {
			isa = PBXFrameworksBuildPhase;
			buildActionMask = 2147483647;
			files = (
				A073C5FB2B7ED64C002263DB /* Alamofire in Frameworks */,
				A05BE70A2B69FC9C0030000D /* Lottie in Frameworks */,
				A03A4FF02B778CF900605611 /* IQKeyboardManagerSwift in Frameworks */,
			);
			runOnlyForDeploymentPostprocessing = 0;
		};
/* End PBXFrameworksBuildPhase section */

/* Begin PBXGroup section */
		A05A7DB52B82CF0400DCEAF6 /* HTTPResponse */ = {
			isa = PBXGroup;
			children = (
				A05A7DB62B82CF1D00DCEAF6 /* AuthenticationResponse.swift */,
				A0CCF3A72B9052FF00D5014E /* BookingResponse.swift */,
			);
			path = HTTPResponse;
			sourceTree = "<group>";
		};
		A05BE7032B69E8BF0030000D /* Authen */ = {
			isa = PBXGroup;
			children = (
				A07ED8582B6544D300EA4E19 /* SignUpViewController.swift */,
				A07ED8592B6544D300EA4E19 /* GettingStartedViewController.swift */,
				A07ED85B2B6544D300EA4E19 /* UserProfileInputViewController.swift */,
				A07ED85C2B6544D300EA4E19 /* SignInViewController.swift */,
				A0BE75D22B6A323400DE6909 /* CreatePasswordViewController.swift */,
			);
			path = Authen;
			sourceTree = "<group>";
		};
		A05BE7042B69E8CD0030000D /* Preview */ = {
			isa = PBXGroup;
			children = (
				A07ED85A2B6544D300EA4E19 /* VCPreview.swift */,
			);
			path = Preview;
			sourceTree = "<group>";
		};
		A05BE70B2B6A09790030000D /* Animations */ = {
			isa = PBXGroup;
			children = (
				A06834292B8DB16C0086CE59 /* profile.json */,
				A05A7DBA2B82E7B700DCEAF6 /* loading.json */,
				A0D1D58C2B6B4C0A00CB1ED3 /* coffee.json */,
				A0BE75D42B6A333E00DE6909 /* authentication.json */,
				A05BE7102B6A123A0030000D /* cat-coffee.json */,
				A05BE70E2B6A0F190030000D /* 404.json */,
			);
			path = Animations;
			sourceTree = "<group>";
		};
		A073C5F32B7ED511002263DB /* Model */ = {
			isa = PBXGroup;
			children = (
				A05A7DB52B82CF0400DCEAF6 /* HTTPResponse */,
				A073C5F42B7ED534002263DB /* AuthenticationModel.swift */,
				A03833602B83A57400EBF5D8 /* Shop.swift */,
				A0A9ED372B8EED1300CE1177 /* Booking.swift */,
				A0A9ED392B8F3B7E00CE1177 /* Area.swift */,
			);
			path = Model;
			sourceTree = "<group>";
		};
		A07ED8532B65434C00EA4E19 /* Support */ = {
			isa = PBXGroup;
			children = (
				A0F3EA9C2B653BDB0057860A /* AppDelegate.swift */,
				A0F3EA9E2B653BDB0057860A /* SceneDelegate.swift */,
				A0F3EAA52B653BDD0057860A /* Assets.xcassets */,
				A0F3EAA72B653BDD0057860A /* LaunchScreen.storyboard */,
			);
			path = Support;
			sourceTree = "<group>";
		};
		A07ED8572B6544D300EA4E19 /* Views */ = {
			isa = PBXGroup;
			children = (
				A0BE75D72B6A513E00DE6909 /* MainTabBar */,
				A05BE7042B69E8CD0030000D /* Preview */,
				A05BE7032B69E8BF0030000D /* Authen */,
			);
			name = Views;
			path = Views/Views;
			sourceTree = "<group>";
		};
		A07ED8622B65453000EA4E19 /* ViewModels */ = {
			isa = PBXGroup;
			children = (
				A0DBF5B52B834C1B0072E139 /* Home */,
				A0DBF5B42B834C110072E139 /* Authen */,
			);
			path = ViewModels;
			sourceTree = "<group>";
		};
		A07ED8642B65453000EA4E19 /* Subviews */ = {
			isa = PBXGroup;
			children = (
				A07ED8652B65453000EA4E19 /* CircleView.swift */,
				A05A7DC32B83155D00DCEAF6 /* StarRatingView.swift */,
				A0A9ED332B8ED91400CE1177 /* Home */,
				A0A9ED322B8ED8CF00CE1177 /* ShopDetails */,
			);
			path = Subviews;
			sourceTree = "<group>";
		};
		A07ED8662B65453000EA4E19 /* Factories */ = {
			isa = PBXGroup;
			children = (
				A07ED8672B65453000EA4E19 /* UIFactory.swift */,
			);
			path = Factories;
			sourceTree = "<group>";
		};
		A07ED8682B65453000EA4E19 /* Constants */ = {
			isa = PBXGroup;
			children = (
				A0CBF4FA2B8CDE5F008CFAD3 /* NameConstants.swift */,
				A07ED86A2B65453000EA4E19 /* TextConstants.swift */,
			);
			path = Constants;
			sourceTree = "<group>";
		};
		A07ED86B2B65453000EA4E19 /* Extensions */ = {
			isa = PBXGroup;
			children = (
				A07ED86C2B65453000EA4E19 /* UILabel+Extension.swift */,
				A07ED86D2B65453000EA4E19 /* UIButton+Extension.swift */,
				A07ED86E2B65453000EA4E19 /* UIView+Extension.swift */,
				A07ED86F2B65453000EA4E19 /* UIImage+Extension.swift */,
				A07ED8702B65453000EA4E19 /* UINavigationController+Extension.swift */,
				A07ED8712B65453000EA4E19 /* UIScreen+Extension.swift */,
				A07ED8722B65453000EA4E19 /* UITextField+Extension.swift */,
				A05C506E2B6737A400A42F33 /* UIFont+Extension.swift */,
				A03F56D62B6B227500B3E35B /* UITabBar+Extension.swift */,
				A073C5FC2B7ED860002263DB /* String+Extension.swift */,
			);
			path = Extensions;
			sourceTree = "<group>";
		};
		A0A9ED2D2B8ED3B300CE1177 /* ShopDetails */ = {
			isa = PBXGroup;
			children = (
				A0DBF5B22B8334470072E139 /* ShopDetailsViewController.swift */,
				A0799CFA2B8AB6D200D1C318 /* SelectTableViewController.swift */,
				A0A9ED2E2B8ED3EA00CE1177 /* OrderFoodViewController.swift */,
				A0A9ED302B8ED3FB00CE1177 /* CatListViewController.swift */,
			);
			path = ShopDetails;
			sourceTree = "<group>";
		};
		A0A9ED322B8ED8CF00CE1177 /* ShopDetails */ = {
			isa = PBXGroup;
			children = (
				A0B7A83F2B89B47B0059DD40 /* SeatCollectionViewCell.swift */,
				A0CA9E772B8E0755006B75AC /* AreaTableViewCell.swift */,
				A0A9ED342B8ED94C00CE1177 /* MenuCollectionViewCell.swift */,
				A0047F462B8F58400068B1A1 /* AreaCatTableViewCell.swift */,
				A0047F482B8F59A50068B1A1 /* CatCollectionViewCell.swift */,
			);
			path = ShopDetails;
			sourceTree = "<group>";
		};
		A0A9ED332B8ED91400CE1177 /* Home */ = {
			isa = PBXGroup;
			children = (
				A05A7DBF2B83058400DCEAF6 /* ShopTableViewCell.swift */,
			);
			path = Home;
			sourceTree = "<group>";
		};
		A0A9ED362B8ED9A100CE1177 /* Process */ = {
			isa = PBXGroup;
			children = (
				A0BE75D82B6A517300DE6909 /* MainTabBarViewController.swift */,
				A0BE75DA2B6A537700DE6909 /* BookingViewController.swift */,
				A0BE75DC2B6A53A000DE6909 /* VoucherViewController.swift */,
				A03F56D22B6B1ADF00B3E35B /* PaymentViewController.swift */,
				A03F56D42B6B1C2300B3E35B /* StoreViewController.swift */,
			);
			path = Process;
			sourceTree = "<group>";
		};
		A0BE75D72B6A513E00DE6909 /* MainTabBar */ = {
			isa = PBXGroup;
			children = (
				A0CA272B2B6B98B900E3D640 /* Home */,
				A0A9ED362B8ED9A100CE1177 /* Process */,
			);
			path = MainTabBar;
			sourceTree = "<group>";
		};
		A0CA272B2B6B98B900E3D640 /* Home */ = {
			isa = PBXGroup;
			children = (
				A0A9ED2D2B8ED3B300CE1177 /* ShopDetails */,
				A05BE7062B69E8FB0030000D /* HomeViewController.swift */,
				A0CA272C2B6B99C300E3D640 /* ProfileViewController.swift */,
			);
			path = Home;
			sourceTree = "<group>";
		};
		A0D1D58E2B6B7EBC00CB1ED3 /* Manager */ = {
			isa = PBXGroup;
			children = (
				A05A7DB82B82DFE400DCEAF6 /* APIManager.swift */,
				A01A60412B8DC39000E3F372 /* UserSessionManager.swift */,
			);
			path = Manager;
			sourceTree = "<group>";
		};
		A0DBF5B42B834C110072E139 /* Authen */ = {
			isa = PBXGroup;
			children = (
				A073C5F72B7ED612002263DB /* RegistrationViewModel.swift */,
				A07ED8632B65453000EA4E19 /* GettingStartedViewModel.swift */,
				A07051D12B7F4E7900DFC2F0 /* SignInViewModel.swift */,
			);
			path = Authen;
			sourceTree = "<group>";
		};
		A0DBF5B52B834C1B0072E139 /* Home */ = {
			isa = PBXGroup;
			children = (
				A0DBF5B62B834C2B0072E139 /* ShopDetailsViewModel.swift */,
				A03833622B83B18200EBF5D8 /* HomeViewModel.swift */,
				A01A603E2B8DC21C00E3F372 /* ProfileViewModel.swift */,
				A086FB4E2B9005EC00B183E7 /* SelectTableViewModel.swift */,
			);
			path = Home;
			sourceTree = "<group>";
		};
		A0F3EA902B653BDB0057860A = {
			isa = PBXGroup;
			children = (
				A0F3EA9B2B653BDB0057860A /* coffee-cat */,
				A0F3EA9A2B653BDB0057860A /* Products */,
			);
			sourceTree = "<group>";
		};
		A0F3EA9A2B653BDB0057860A /* Products */ = {
			isa = PBXGroup;
			children = (
				A0F3EA992B653BDB0057860A /* coffee-cat.app */,
			);
			name = Products;
			sourceTree = "<group>";
		};
		A0F3EA9B2B653BDB0057860A /* coffee-cat */ = {
			isa = PBXGroup;
			children = (
				A073C5F32B7ED511002263DB /* Model */,
				A0D1D58E2B6B7EBC00CB1ED3 /* Manager */,
				A05BE70B2B6A09790030000D /* Animations */,
				A07ED8682B65453000EA4E19 /* Constants */,
				A07ED86B2B65453000EA4E19 /* Extensions */,
				A07ED8662B65453000EA4E19 /* Factories */,
				A07ED8642B65453000EA4E19 /* Subviews */,
				A07ED8622B65453000EA4E19 /* ViewModels */,
				A07ED8572B6544D300EA4E19 /* Views */,
				A07ED8532B65434C00EA4E19 /* Support */,
				A0F3EAAA2B653BDD0057860A /* Info.plist */,
			);
			path = "coffee-cat";
			sourceTree = "<group>";
		};
/* End PBXGroup section */

/* Begin PBXNativeTarget section */
		A0F3EA982B653BDB0057860A /* coffee-cat */ = {
			isa = PBXNativeTarget;
			buildConfigurationList = A0F3EAAD2B653BDD0057860A /* Build configuration list for PBXNativeTarget "coffee-cat" */;
			buildPhases = (
				A0F3EA952B653BDB0057860A /* Sources */,
				A0F3EA962B653BDB0057860A /* Frameworks */,
				A0F3EA972B653BDB0057860A /* Resources */,
			);
			buildRules = (
			);
			dependencies = (
			);
			name = "coffee-cat";
			packageProductDependencies = (
				A05BE7092B69FC9C0030000D /* Lottie */,
				A03A4FEF2B778CF900605611 /* IQKeyboardManagerSwift */,
				A073C5FA2B7ED64C002263DB /* Alamofire */,
			);
			productName = "coffee-cat";
			productReference = A0F3EA992B653BDB0057860A /* coffee-cat.app */;
			productType = "com.apple.product-type.application";
		};
/* End PBXNativeTarget section */

/* Begin PBXProject section */
		A0F3EA912B653BDB0057860A /* Project object */ = {
			isa = PBXProject;
			attributes = {
				BuildIndependentTargetsInParallel = 1;
				LastSwiftUpdateCheck = 1520;
				LastUpgradeCheck = 1520;
				TargetAttributes = {
					A0F3EA982B653BDB0057860A = {
						CreatedOnToolsVersion = 15.2;
					};
				};
			};
			buildConfigurationList = A0F3EA942B653BDB0057860A /* Build configuration list for PBXProject "coffee-cat" */;
			compatibilityVersion = "Xcode 14.0";
			developmentRegion = en;
			hasScannedForEncodings = 0;
			knownRegions = (
				en,
				Base,
			);
			mainGroup = A0F3EA902B653BDB0057860A;
			packageReferences = (
				A05BE7082B69FC9C0030000D /* XCRemoteSwiftPackageReference "lottie-ios" */,
				A03A4FEE2B778CF900605611 /* XCRemoteSwiftPackageReference "IQKeyboardManager" */,
				A073C5F92B7ED64C002263DB /* XCRemoteSwiftPackageReference "Alamofire" */,
			);
			productRefGroup = A0F3EA9A2B653BDB0057860A /* Products */;
			projectDirPath = "";
			projectRoot = "";
			targets = (
				A0F3EA982B653BDB0057860A /* coffee-cat */,
			);
		};
/* End PBXProject section */

/* Begin PBXResourcesBuildPhase section */
		A0F3EA972B653BDB0057860A /* Resources */ = {
			isa = PBXResourcesBuildPhase;
			buildActionMask = 2147483647;
			files = (
				A05BE70F2B6A0F190030000D /* 404.json in Resources */,
				A05BE7112B6A123A0030000D /* cat-coffee.json in Resources */,
				A0F3EAA92B653BDD0057860A /* LaunchScreen.storyboard in Resources */,
				A0D1D58D2B6B4C0A00CB1ED3 /* coffee.json in Resources */,
				A05A7DBB2B82E7B700DCEAF6 /* loading.json in Resources */,
				A068342A2B8DB16C0086CE59 /* profile.json in Resources */,
				A0F3EAA62B653BDD0057860A /* Assets.xcassets in Resources */,
				A0BE75D52B6A333E00DE6909 /* authentication.json in Resources */,
			);
			runOnlyForDeploymentPostprocessing = 0;
		};
/* End PBXResourcesBuildPhase section */

/* Begin PBXSourcesBuildPhase section */
		A0F3EA952B653BDB0057860A /* Sources */ = {
			isa = PBXSourcesBuildPhase;
			buildActionMask = 2147483647;
			files = (
				A073C5F82B7ED612002263DB /* RegistrationViewModel.swift in Sources */,
				A086FB4F2B9005EC00B183E7 /* SelectTableViewModel.swift in Sources */,
				A07ED87E2B65453000EA4E19 /* UITextField+Extension.swift in Sources */,
				A07ED8742B65453000EA4E19 /* CircleView.swift in Sources */,
				A01A60422B8DC39000E3F372 /* UserSessionManager.swift in Sources */,
				A03F56D32B6B1ADF00B3E35B /* PaymentViewController.swift in Sources */,
				A07ED8612B6544D300EA4E19 /* SignInViewController.swift in Sources */,
				A0799CFB2B8AB6D200D1C318 /* SelectTableViewController.swift in Sources */,
				A07ED8602B6544D300EA4E19 /* UserProfileInputViewController.swift in Sources */,
				A03F56D52B6B1C2300B3E35B /* StoreViewController.swift in Sources */,
				A0A9ED312B8ED3FB00CE1177 /* CatListViewController.swift in Sources */,
				A073C5FD2B7ED860002263DB /* String+Extension.swift in Sources */,
				A07ED87A2B65453000EA4E19 /* UIView+Extension.swift in Sources */,
				A05A7DC42B83155D00DCEAF6 /* StarRatingView.swift in Sources */,
				A05BE7072B69E8FB0030000D /* HomeViewController.swift in Sources */,
				A0DBF5B32B8334470072E139 /* ShopDetailsViewController.swift in Sources */,
				A07ED85D2B6544D300EA4E19 /* SignUpViewController.swift in Sources */,
				A073C5F52B7ED534002263DB /* AuthenticationModel.swift in Sources */,
				A07ED87D2B65453000EA4E19 /* UIScreen+Extension.swift in Sources */,
				A0CA9E782B8E0755006B75AC /* AreaTableViewCell.swift in Sources */,
				A0A9ED382B8EED1300CE1177 /* Booking.swift in Sources */,
				A0CCF3A82B9052FF00D5014E /* BookingResponse.swift in Sources */,
				A0CA272D2B6B99C300E3D640 /* ProfileViewController.swift in Sources */,
				A07ED8772B65453000EA4E19 /* TextConstants.swift in Sources */,
				A05A7DC02B83058400DCEAF6 /* ShopTableViewCell.swift in Sources */,
				A0A9ED352B8ED94C00CE1177 /* MenuCollectionViewCell.swift in Sources */,
				A0BE75D92B6A517300DE6909 /* MainTabBarViewController.swift in Sources */,
				A07ED8752B65453000EA4E19 /* UIFactory.swift in Sources */,
				A07ED85F2B6544D300EA4E19 /* VCPreview.swift in Sources */,
				A0047F492B8F59A50068B1A1 /* CatCollectionViewCell.swift in Sources */,
				A0DBF5B72B834C2B0072E139 /* ShopDetailsViewModel.swift in Sources */,
				A0A9ED3A2B8F3B7E00CE1177 /* Area.swift in Sources */,
				A03833632B83B18200EBF5D8 /* HomeViewModel.swift in Sources */,
				A07ED85E2B6544D300EA4E19 /* GettingStartedViewController.swift in Sources */,
				A03833612B83A57400EBF5D8 /* Shop.swift in Sources */,
				A07ED8732B65453000EA4E19 /* GettingStartedViewModel.swift in Sources */,
				A0047F472B8F58400068B1A1 /* AreaCatTableViewCell.swift in Sources */,
				A07ED87B2B65453000EA4E19 /* UIImage+Extension.swift in Sources */,
				A0BE75DD2B6A53A000DE6909 /* VoucherViewController.swift in Sources */,
				A0B7A8402B89B47B0059DD40 /* SeatCollectionViewCell.swift in Sources */,
				A0F3EA9D2B653BDB0057860A /* AppDelegate.swift in Sources */,
				A07ED8782B65453000EA4E19 /* UILabel+Extension.swift in Sources */,
				A0F3EA9F2B653BDB0057860A /* SceneDelegate.swift in Sources */,
				A07ED8792B65453000EA4E19 /* UIButton+Extension.swift in Sources */,
				A05A7DB92B82DFE400DCEAF6 /* APIManager.swift in Sources */,
				A07051D22B7F4E7900DFC2F0 /* SignInViewModel.swift in Sources */,
				A0BE75D32B6A323400DE6909 /* CreatePasswordViewController.swift in Sources */,
				A05C506F2B6737A400A42F33 /* UIFont+Extension.swift in Sources */,
				A01A603F2B8DC21C00E3F372 /* ProfileViewModel.swift in Sources */,
				A0A9ED2F2B8ED3EA00CE1177 /* OrderFoodViewController.swift in Sources */,
				A03F56D72B6B227500B3E35B /* UITabBar+Extension.swift in Sources */,
				A0CBF4FB2B8CDE5F008CFAD3 /* NameConstants.swift in Sources */,
				A0BE75DB2B6A537700DE6909 /* BookingViewController.swift in Sources */,
				A07ED87C2B65453000EA4E19 /* UINavigationController+Extension.swift in Sources */,
				A05A7DB72B82CF1D00DCEAF6 /* AuthenticationResponse.swift in Sources */,
			);
			runOnlyForDeploymentPostprocessing = 0;
		};
/* End PBXSourcesBuildPhase section */

/* Begin PBXVariantGroup section */
		A0F3EAA72B653BDD0057860A /* LaunchScreen.storyboard */ = {
			isa = PBXVariantGroup;
			children = (
				A0F3EAA82B653BDD0057860A /* Base */,
			);
			name = LaunchScreen.storyboard;
			sourceTree = "<group>";
		};
/* End PBXVariantGroup section */

/* Begin XCBuildConfiguration section */
		A0F3EAAB2B653BDD0057860A /* Debug */ = {
			isa = XCBuildConfiguration;
			buildSettings = {
				ALWAYS_SEARCH_USER_PATHS = NO;
				ASSETCATALOG_COMPILER_GENERATE_SWIFT_ASSET_SYMBOL_EXTENSIONS = YES;
				CLANG_ANALYZER_NONNULL = YES;
				CLANG_ANALYZER_NUMBER_OBJECT_CONVERSION = YES_AGGRESSIVE;
				CLANG_CXX_LANGUAGE_STANDARD = "gnu++20";
				CLANG_ENABLE_MODULES = YES;
				CLANG_ENABLE_OBJC_ARC = YES;
				CLANG_ENABLE_OBJC_WEAK = YES;
				CLANG_WARN_BLOCK_CAPTURE_AUTORELEASING = YES;
				CLANG_WARN_BOOL_CONVERSION = YES;
				CLANG_WARN_COMMA = YES;
				CLANG_WARN_CONSTANT_CONVERSION = YES;
				CLANG_WARN_DEPRECATED_OBJC_IMPLEMENTATIONS = YES;
				CLANG_WARN_DIRECT_OBJC_ISA_USAGE = YES_ERROR;
				CLANG_WARN_DOCUMENTATION_COMMENTS = YES;
				CLANG_WARN_EMPTY_BODY = YES;
				CLANG_WARN_ENUM_CONVERSION = YES;
				CLANG_WARN_INFINITE_RECURSION = YES;
				CLANG_WARN_INT_CONVERSION = YES;
				CLANG_WARN_NON_LITERAL_NULL_CONVERSION = YES;
				CLANG_WARN_OBJC_IMPLICIT_RETAIN_SELF = YES;
				CLANG_WARN_OBJC_LITERAL_CONVERSION = YES;
				CLANG_WARN_OBJC_ROOT_CLASS = YES_ERROR;
				CLANG_WARN_QUOTED_INCLUDE_IN_FRAMEWORK_HEADER = YES;
				CLANG_WARN_RANGE_LOOP_ANALYSIS = YES;
				CLANG_WARN_STRICT_PROTOTYPES = YES;
				CLANG_WARN_SUSPICIOUS_MOVE = YES;
				CLANG_WARN_UNGUARDED_AVAILABILITY = YES_AGGRESSIVE;
				CLANG_WARN_UNREACHABLE_CODE = YES;
				CLANG_WARN__DUPLICATE_METHOD_MATCH = YES;
				COPY_PHASE_STRIP = NO;
				DEBUG_INFORMATION_FORMAT = dwarf;
				ENABLE_STRICT_OBJC_MSGSEND = YES;
				ENABLE_TESTABILITY = YES;
				ENABLE_USER_SCRIPT_SANDBOXING = YES;
				GCC_C_LANGUAGE_STANDARD = gnu17;
				GCC_DYNAMIC_NO_PIC = NO;
				GCC_NO_COMMON_BLOCKS = YES;
				GCC_OPTIMIZATION_LEVEL = 0;
				GCC_PREPROCESSOR_DEFINITIONS = (
					"DEBUG=1",
					"$(inherited)",
				);
				GCC_WARN_64_TO_32_BIT_CONVERSION = YES;
				GCC_WARN_ABOUT_RETURN_TYPE = YES_ERROR;
				GCC_WARN_UNDECLARED_SELECTOR = YES;
				GCC_WARN_UNINITIALIZED_AUTOS = YES_AGGRESSIVE;
				GCC_WARN_UNUSED_FUNCTION = YES;
				GCC_WARN_UNUSED_VARIABLE = YES;
				IPHONEOS_DEPLOYMENT_TARGET = 15.0;
				LOCALIZATION_PREFERS_STRING_CATALOGS = YES;
				MTL_ENABLE_DEBUG_INFO = INCLUDE_SOURCE;
				MTL_FAST_MATH = YES;
				ONLY_ACTIVE_ARCH = YES;
				SDKROOT = iphoneos;
				SWIFT_ACTIVE_COMPILATION_CONDITIONS = "DEBUG $(inherited)";
				SWIFT_OPTIMIZATION_LEVEL = "-Onone";
			};
			name = Debug;
		};
		A0F3EAAC2B653BDD0057860A /* Release */ = {
			isa = XCBuildConfiguration;
			buildSettings = {
				ALWAYS_SEARCH_USER_PATHS = NO;
				ASSETCATALOG_COMPILER_GENERATE_SWIFT_ASSET_SYMBOL_EXTENSIONS = YES;
				CLANG_ANALYZER_NONNULL = YES;
				CLANG_ANALYZER_NUMBER_OBJECT_CONVERSION = YES_AGGRESSIVE;
				CLANG_CXX_LANGUAGE_STANDARD = "gnu++20";
				CLANG_ENABLE_MODULES = YES;
				CLANG_ENABLE_OBJC_ARC = YES;
				CLANG_ENABLE_OBJC_WEAK = YES;
				CLANG_WARN_BLOCK_CAPTURE_AUTORELEASING = YES;
				CLANG_WARN_BOOL_CONVERSION = YES;
				CLANG_WARN_COMMA = YES;
				CLANG_WARN_CONSTANT_CONVERSION = YES;
				CLANG_WARN_DEPRECATED_OBJC_IMPLEMENTATIONS = YES;
				CLANG_WARN_DIRECT_OBJC_ISA_USAGE = YES_ERROR;
				CLANG_WARN_DOCUMENTATION_COMMENTS = YES;
				CLANG_WARN_EMPTY_BODY = YES;
				CLANG_WARN_ENUM_CONVERSION = YES;
				CLANG_WARN_INFINITE_RECURSION = YES;
				CLANG_WARN_INT_CONVERSION = YES;
				CLANG_WARN_NON_LITERAL_NULL_CONVERSION = YES;
				CLANG_WARN_OBJC_IMPLICIT_RETAIN_SELF = YES;
				CLANG_WARN_OBJC_LITERAL_CONVERSION = YES;
				CLANG_WARN_OBJC_ROOT_CLASS = YES_ERROR;
				CLANG_WARN_QUOTED_INCLUDE_IN_FRAMEWORK_HEADER = YES;
				CLANG_WARN_RANGE_LOOP_ANALYSIS = YES;
				CLANG_WARN_STRICT_PROTOTYPES = YES;
				CLANG_WARN_SUSPICIOUS_MOVE = YES;
				CLANG_WARN_UNGUARDED_AVAILABILITY = YES_AGGRESSIVE;
				CLANG_WARN_UNREACHABLE_CODE = YES;
				CLANG_WARN__DUPLICATE_METHOD_MATCH = YES;
				COPY_PHASE_STRIP = NO;
				DEBUG_INFORMATION_FORMAT = "dwarf-with-dsym";
				ENABLE_NS_ASSERTIONS = NO;
				ENABLE_STRICT_OBJC_MSGSEND = YES;
				ENABLE_USER_SCRIPT_SANDBOXING = YES;
				GCC_C_LANGUAGE_STANDARD = gnu17;
				GCC_NO_COMMON_BLOCKS = YES;
				GCC_WARN_64_TO_32_BIT_CONVERSION = YES;
				GCC_WARN_ABOUT_RETURN_TYPE = YES_ERROR;
				GCC_WARN_UNDECLARED_SELECTOR = YES;
				GCC_WARN_UNINITIALIZED_AUTOS = YES_AGGRESSIVE;
				GCC_WARN_UNUSED_FUNCTION = YES;
				GCC_WARN_UNUSED_VARIABLE = YES;
				IPHONEOS_DEPLOYMENT_TARGET = 15.0;
				LOCALIZATION_PREFERS_STRING_CATALOGS = YES;
				MTL_ENABLE_DEBUG_INFO = NO;
				MTL_FAST_MATH = YES;
				SDKROOT = iphoneos;
				SWIFT_COMPILATION_MODE = wholemodule;
				VALIDATE_PRODUCT = YES;
			};
			name = Release;
		};
		A0F3EAAE2B653BDD0057860A /* Debug */ = {
			isa = XCBuildConfiguration;
			buildSettings = {
				ASSETCATALOG_COMPILER_APPICON_NAME = AppIcon;
				ASSETCATALOG_COMPILER_GLOBAL_ACCENT_COLOR_NAME = AccentColor;
				CODE_SIGN_STYLE = Automatic;
				CURRENT_PROJECT_VERSION = 1;
				DEVELOPMENT_TEAM = RZ964C6Z7D;
				GENERATE_INFOPLIST_FILE = YES;
				INFOPLIST_FILE = "coffee-cat/Info.plist";
				INFOPLIST_KEY_UIApplicationSupportsIndirectInputEvents = YES;
				INFOPLIST_KEY_UILaunchStoryboardName = LaunchScreen;
				INFOPLIST_KEY_UISupportedInterfaceOrientations_iPad = UIInterfaceOrientationPortrait;
				INFOPLIST_KEY_UISupportedInterfaceOrientations_iPhone = UIInterfaceOrientationPortrait;
				LD_RUNPATH_SEARCH_PATHS = (
					"$(inherited)",
					"@executable_path/Frameworks",
				);
				MARKETING_VERSION = 1.0;
				PRODUCT_BUNDLE_IDENTIFIER = com.tinit4ever.coffeecat;
				PRODUCT_NAME = "$(TARGET_NAME)";
				SWIFT_EMIT_LOC_STRINGS = YES;
				SWIFT_VERSION = 5.0;
				TARGETED_DEVICE_FAMILY = "1,2";
			};
			name = Debug;
		};
		A0F3EAAF2B653BDD0057860A /* Release */ = {
			isa = XCBuildConfiguration;
			buildSettings = {
				ASSETCATALOG_COMPILER_APPICON_NAME = AppIcon;
				ASSETCATALOG_COMPILER_GLOBAL_ACCENT_COLOR_NAME = AccentColor;
				CODE_SIGN_STYLE = Automatic;
				CURRENT_PROJECT_VERSION = 1;
				DEVELOPMENT_TEAM = RZ964C6Z7D;
				GENERATE_INFOPLIST_FILE = YES;
				INFOPLIST_FILE = "coffee-cat/Info.plist";
				INFOPLIST_KEY_UIApplicationSupportsIndirectInputEvents = YES;
				INFOPLIST_KEY_UILaunchStoryboardName = LaunchScreen;
				INFOPLIST_KEY_UISupportedInterfaceOrientations_iPad = UIInterfaceOrientationPortrait;
				INFOPLIST_KEY_UISupportedInterfaceOrientations_iPhone = UIInterfaceOrientationPortrait;
				LD_RUNPATH_SEARCH_PATHS = (
					"$(inherited)",
					"@executable_path/Frameworks",
				);
				MARKETING_VERSION = 1.0;
				PRODUCT_BUNDLE_IDENTIFIER = com.tinit4ever.coffeecat;
				PRODUCT_NAME = "$(TARGET_NAME)";
				SWIFT_EMIT_LOC_STRINGS = YES;
				SWIFT_VERSION = 5.0;
				TARGETED_DEVICE_FAMILY = "1,2";
			};
			name = Release;
		};
/* End XCBuildConfiguration section */

/* Begin XCConfigurationList section */
		A0F3EA942B653BDB0057860A /* Build configuration list for PBXProject "coffee-cat" */ = {
			isa = XCConfigurationList;
			buildConfigurations = (
				A0F3EAAB2B653BDD0057860A /* Debug */,
				A0F3EAAC2B653BDD0057860A /* Release */,
			);
			defaultConfigurationIsVisible = 0;
			defaultConfigurationName = Release;
		};
		A0F3EAAD2B653BDD0057860A /* Build configuration list for PBXNativeTarget "coffee-cat" */ = {
			isa = XCConfigurationList;
			buildConfigurations = (
				A0F3EAAE2B653BDD0057860A /* Debug */,
				A0F3EAAF2B653BDD0057860A /* Release */,
			);
			defaultConfigurationIsVisible = 0;
			defaultConfigurationName = Release;
		};
/* End XCConfigurationList section */

/* Begin XCRemoteSwiftPackageReference section */
		A03A4FEE2B778CF900605611 /* XCRemoteSwiftPackageReference "IQKeyboardManager" */ = {
			isa = XCRemoteSwiftPackageReference;
			repositoryURL = "https://github.com/hackiftekhar/IQKeyboardManager.git";
			requirement = {
				kind = upToNextMajorVersion;
				minimumVersion = 7.0.1;
			};
		};
		A05BE7082B69FC9C0030000D /* XCRemoteSwiftPackageReference "lottie-ios" */ = {
			isa = XCRemoteSwiftPackageReference;
			repositoryURL = "https://github.com/airbnb/lottie-ios.git";
			requirement = {
				kind = upToNextMajorVersion;
				minimumVersion = 4.4.0;
			};
		};
		A073C5F92B7ED64C002263DB /* XCRemoteSwiftPackageReference "Alamofire" */ = {
			isa = XCRemoteSwiftPackageReference;
			repositoryURL = "https://github.com/Alamofire/Alamofire.git";
			requirement = {
				kind = upToNextMajorVersion;
				minimumVersion = 5.8.1;
			};
		};
/* End XCRemoteSwiftPackageReference section */

/* Begin XCSwiftPackageProductDependency section */
		A03A4FEF2B778CF900605611 /* IQKeyboardManagerSwift */ = {
			isa = XCSwiftPackageProductDependency;
			package = A03A4FEE2B778CF900605611 /* XCRemoteSwiftPackageReference "IQKeyboardManager" */;
			productName = IQKeyboardManagerSwift;
		};
		A05BE7092B69FC9C0030000D /* Lottie */ = {
			isa = XCSwiftPackageProductDependency;
			package = A05BE7082B69FC9C0030000D /* XCRemoteSwiftPackageReference "lottie-ios" */;
			productName = Lottie;
		};
		A073C5FA2B7ED64C002263DB /* Alamofire */ = {
			isa = XCSwiftPackageProductDependency;
			package = A073C5F92B7ED64C002263DB /* XCRemoteSwiftPackageReference "Alamofire" */;
			productName = Alamofire;
		};
/* End XCSwiftPackageProductDependency section */
	};
	rootObject = A0F3EA912B653BDB0057860A /* Project object */;
}
