// !$*UTF8*$!
{
	archiveVersion = 1;
	classes = {
	};
	objectVersion = 56;
	objects = {

/* Begin PBXBuildFile section */
		A06834202B8D853F0086CE59 /* NameConstants.swift in Sources */ = {isa = PBXBuildFile; fileRef = A068341F2B8D853F0086CE59 /* NameConstants.swift */; };
		A06834222B8D86220086CE59 /* ShopTabBarViewController.swift in Sources */ = {isa = PBXBuildFile; fileRef = A06834212B8D86220086CE59 /* ShopTabBarViewController.swift */; };
		A06834242B8D87180086CE59 /* StaffAccountViewController.swift in Sources */ = {isa = PBXBuildFile; fileRef = A06834232B8D87180086CE59 /* StaffAccountViewController.swift */; };
		A06834262B8D872A0086CE59 /* ShopManagerViewController.swift in Sources */ = {isa = PBXBuildFile; fileRef = A06834252B8D872A0086CE59 /* ShopManagerViewController.swift */; };
		A06834282B8D90280086CE59 /* StaffAccountFactory.swift in Sources */ = {isa = PBXBuildFile; fileRef = A06834272B8D90280086CE59 /* StaffAccountFactory.swift */; };
		A0CBF4BB2B8CD31D008CFAD3 /* AppDelegate.swift in Sources */ = {isa = PBXBuildFile; fileRef = A0CBF4BA2B8CD31D008CFAD3 /* AppDelegate.swift */; };
		A0CBF4BD2B8CD31D008CFAD3 /* SceneDelegate.swift in Sources */ = {isa = PBXBuildFile; fileRef = A0CBF4BC2B8CD31D008CFAD3 /* SceneDelegate.swift */; };
		A0CBF4C42B8CD31F008CFAD3 /* Assets.xcassets in Resources */ = {isa = PBXBuildFile; fileRef = A0CBF4C32B8CD31F008CFAD3 /* Assets.xcassets */; };
		A0CBF4C72B8CD31F008CFAD3 /* LaunchScreen.storyboard in Resources */ = {isa = PBXBuildFile; fileRef = A0CBF4C52B8CD31F008CFAD3 /* LaunchScreen.storyboard */; };
		A0CBF4D12B8CD3C6008CFAD3 /* SignInViewController.swift in Sources */ = {isa = PBXBuildFile; fileRef = A0CBF4D02B8CD3C6008CFAD3 /* SignInViewController.swift */; };
		A0CBF4D42B8CD7A6008CFAD3 /* Alamofire in Frameworks */ = {isa = PBXBuildFile; productRef = A0CBF4D32B8CD7A6008CFAD3 /* Alamofire */; };
		A0CBF4D72B8CD7B5008CFAD3 /* IQKeyboardManagerSwift in Frameworks */ = {isa = PBXBuildFile; productRef = A0CBF4D62B8CD7B5008CFAD3 /* IQKeyboardManagerSwift */; };
		A0CBF4DA2B8CD7C8008CFAD3 /* Lottie in Frameworks */ = {isa = PBXBuildFile; productRef = A0CBF4D92B8CD7C8008CFAD3 /* Lottie */; };
		A0CBF4DD2B8CD962008CFAD3 /* VCPreview.swift in Sources */ = {isa = PBXBuildFile; fileRef = A0CBF4DC2B8CD962008CFAD3 /* VCPreview.swift */; };
		A0CBF4E12B8CDA04008CFAD3 /* SignInFactory.swift in Sources */ = {isa = PBXBuildFile; fileRef = A0CBF4E02B8CDA04008CFAD3 /* SignInFactory.swift */; };
		A0CBF4ED2B8CDBD9008CFAD3 /* UITabBar+Extension.swift in Sources */ = {isa = PBXBuildFile; fileRef = A0CBF4E32B8CDBD9008CFAD3 /* UITabBar+Extension.swift */; };
		A0CBF4EE2B8CDBD9008CFAD3 /* UIView+Extension.swift in Sources */ = {isa = PBXBuildFile; fileRef = A0CBF4E42B8CDBD9008CFAD3 /* UIView+Extension.swift */; };
		A0CBF4EF2B8CDBD9008CFAD3 /* UILabel+Extension.swift in Sources */ = {isa = PBXBuildFile; fileRef = A0CBF4E52B8CDBD9008CFAD3 /* UILabel+Extension.swift */; };
		A0CBF4F02B8CDBD9008CFAD3 /* String+Extension.swift in Sources */ = {isa = PBXBuildFile; fileRef = A0CBF4E62B8CDBD9008CFAD3 /* String+Extension.swift */; };
		A0CBF4F12B8CDBD9008CFAD3 /* UIFont+Extension.swift in Sources */ = {isa = PBXBuildFile; fileRef = A0CBF4E72B8CDBD9008CFAD3 /* UIFont+Extension.swift */; };
		A0CBF4F22B8CDBD9008CFAD3 /* UIImage+Extension.swift in Sources */ = {isa = PBXBuildFile; fileRef = A0CBF4E82B8CDBD9008CFAD3 /* UIImage+Extension.swift */; };
		A0CBF4F32B8CDBD9008CFAD3 /* UIButton+Extension.swift in Sources */ = {isa = PBXBuildFile; fileRef = A0CBF4E92B8CDBD9008CFAD3 /* UIButton+Extension.swift */; };
		A0CBF4F42B8CDBD9008CFAD3 /* UINavigationController+Extension.swift in Sources */ = {isa = PBXBuildFile; fileRef = A0CBF4EA2B8CDBD9008CFAD3 /* UINavigationController+Extension.swift */; };
		A0CBF4F52B8CDBD9008CFAD3 /* UIScreen+Extension.swift in Sources */ = {isa = PBXBuildFile; fileRef = A0CBF4EB2B8CDBD9008CFAD3 /* UIScreen+Extension.swift */; };
		A0CBF4F62B8CDBD9008CFAD3 /* UITextField+Extension.swift in Sources */ = {isa = PBXBuildFile; fileRef = A0CBF4EC2B8CDBD9008CFAD3 /* UITextField+Extension.swift */; };
		A0CBF4FF2B8CE0AC008CFAD3 /* administrator.json in Resources */ = {isa = PBXBuildFile; fileRef = A0CBF4FE2B8CE0AC008CFAD3 /* administrator.json */; };
		A0CBF5042B8CE5FD008CFAD3 /* AdminViewController.swift in Sources */ = {isa = PBXBuildFile; fileRef = A0CBF5032B8CE5FD008CFAD3 /* AdminViewController.swift */; };
		A0CBF5062B8CE6DD008CFAD3 /* AdminFactory.swift in Sources */ = {isa = PBXBuildFile; fileRef = A0CBF5052B8CE6DD008CFAD3 /* AdminFactory.swift */; };
		A0CBF5082B8CE802008CFAD3 /* coffee.json in Resources */ = {isa = PBXBuildFile; fileRef = A0CBF5072B8CE802008CFAD3 /* coffee.json */; };
		A0CBF50B2B8CE9A5008CFAD3 /* AccountTableViewCell.swift in Sources */ = {isa = PBXBuildFile; fileRef = A0CBF50A2B8CE9A5008CFAD3 /* AccountTableViewCell.swift */; };
/* End PBXBuildFile section */

/* Begin PBXFileReference section */
		A068341F2B8D853F0086CE59 /* NameConstants.swift */ = {isa = PBXFileReference; lastKnownFileType = sourcecode.swift; path = NameConstants.swift; sourceTree = "<group>"; };
		A06834212B8D86220086CE59 /* ShopTabBarViewController.swift */ = {isa = PBXFileReference; lastKnownFileType = sourcecode.swift; path = ShopTabBarViewController.swift; sourceTree = "<group>"; };
		A06834232B8D87180086CE59 /* StaffAccountViewController.swift */ = {isa = PBXFileReference; lastKnownFileType = sourcecode.swift; path = StaffAccountViewController.swift; sourceTree = "<group>"; };
		A06834252B8D872A0086CE59 /* ShopManagerViewController.swift */ = {isa = PBXFileReference; lastKnownFileType = sourcecode.swift; path = ShopManagerViewController.swift; sourceTree = "<group>"; };
		A06834272B8D90280086CE59 /* StaffAccountFactory.swift */ = {isa = PBXFileReference; lastKnownFileType = sourcecode.swift; path = StaffAccountFactory.swift; sourceTree = "<group>"; };
		A0CBF4B72B8CD31D008CFAD3 /* coffee-cat-seller-center.app */ = {isa = PBXFileReference; explicitFileType = wrapper.application; includeInIndex = 0; path = "coffee-cat-seller-center.app"; sourceTree = BUILT_PRODUCTS_DIR; };
		A0CBF4BA2B8CD31D008CFAD3 /* AppDelegate.swift */ = {isa = PBXFileReference; lastKnownFileType = sourcecode.swift; path = AppDelegate.swift; sourceTree = "<group>"; };
		A0CBF4BC2B8CD31D008CFAD3 /* SceneDelegate.swift */ = {isa = PBXFileReference; lastKnownFileType = sourcecode.swift; path = SceneDelegate.swift; sourceTree = "<group>"; };
		A0CBF4C32B8CD31F008CFAD3 /* Assets.xcassets */ = {isa = PBXFileReference; lastKnownFileType = folder.assetcatalog; path = Assets.xcassets; sourceTree = "<group>"; };
		A0CBF4C62B8CD31F008CFAD3 /* Base */ = {isa = PBXFileReference; lastKnownFileType = file.storyboard; name = Base; path = Base.lproj/LaunchScreen.storyboard; sourceTree = "<group>"; };
		A0CBF4C82B8CD31F008CFAD3 /* Info.plist */ = {isa = PBXFileReference; lastKnownFileType = text.plist.xml; path = Info.plist; sourceTree = "<group>"; };
		A0CBF4D02B8CD3C6008CFAD3 /* SignInViewController.swift */ = {isa = PBXFileReference; lastKnownFileType = sourcecode.swift; path = SignInViewController.swift; sourceTree = "<group>"; };
		A0CBF4DC2B8CD962008CFAD3 /* VCPreview.swift */ = {isa = PBXFileReference; lastKnownFileType = sourcecode.swift; path = VCPreview.swift; sourceTree = "<group>"; };
		A0CBF4E02B8CDA04008CFAD3 /* SignInFactory.swift */ = {isa = PBXFileReference; lastKnownFileType = sourcecode.swift; path = SignInFactory.swift; sourceTree = "<group>"; };
		A0CBF4E32B8CDBD9008CFAD3 /* UITabBar+Extension.swift */ = {isa = PBXFileReference; fileEncoding = 4; lastKnownFileType = sourcecode.swift; name = "UITabBar+Extension.swift"; path = "../../../coffee-cat/coffee-cat/Extensions/UITabBar+Extension.swift"; sourceTree = "<group>"; };
		A0CBF4E42B8CDBD9008CFAD3 /* UIView+Extension.swift */ = {isa = PBXFileReference; fileEncoding = 4; lastKnownFileType = sourcecode.swift; name = "UIView+Extension.swift"; path = "../../../coffee-cat/coffee-cat/Extensions/UIView+Extension.swift"; sourceTree = "<group>"; };
		A0CBF4E52B8CDBD9008CFAD3 /* UILabel+Extension.swift */ = {isa = PBXFileReference; fileEncoding = 4; lastKnownFileType = sourcecode.swift; name = "UILabel+Extension.swift"; path = "../../../coffee-cat/coffee-cat/Extensions/UILabel+Extension.swift"; sourceTree = "<group>"; };
		A0CBF4E62B8CDBD9008CFAD3 /* String+Extension.swift */ = {isa = PBXFileReference; fileEncoding = 4; lastKnownFileType = sourcecode.swift; name = "String+Extension.swift"; path = "../../../coffee-cat/coffee-cat/Extensions/String+Extension.swift"; sourceTree = "<group>"; };
		A0CBF4E72B8CDBD9008CFAD3 /* UIFont+Extension.swift */ = {isa = PBXFileReference; fileEncoding = 4; lastKnownFileType = sourcecode.swift; name = "UIFont+Extension.swift"; path = "../../../coffee-cat/coffee-cat/Extensions/UIFont+Extension.swift"; sourceTree = "<group>"; };
		A0CBF4E82B8CDBD9008CFAD3 /* UIImage+Extension.swift */ = {isa = PBXFileReference; fileEncoding = 4; lastKnownFileType = sourcecode.swift; name = "UIImage+Extension.swift"; path = "../../../coffee-cat/coffee-cat/Extensions/UIImage+Extension.swift"; sourceTree = "<group>"; };
		A0CBF4E92B8CDBD9008CFAD3 /* UIButton+Extension.swift */ = {isa = PBXFileReference; fileEncoding = 4; lastKnownFileType = sourcecode.swift; name = "UIButton+Extension.swift"; path = "../../../coffee-cat/coffee-cat/Extensions/UIButton+Extension.swift"; sourceTree = "<group>"; };
		A0CBF4EA2B8CDBD9008CFAD3 /* UINavigationController+Extension.swift */ = {isa = PBXFileReference; fileEncoding = 4; lastKnownFileType = sourcecode.swift; name = "UINavigationController+Extension.swift"; path = "../../../coffee-cat/coffee-cat/Extensions/UINavigationController+Extension.swift"; sourceTree = "<group>"; };
		A0CBF4EB2B8CDBD9008CFAD3 /* UIScreen+Extension.swift */ = {isa = PBXFileReference; fileEncoding = 4; lastKnownFileType = sourcecode.swift; name = "UIScreen+Extension.swift"; path = "../../../coffee-cat/coffee-cat/Extensions/UIScreen+Extension.swift"; sourceTree = "<group>"; };
		A0CBF4EC2B8CDBD9008CFAD3 /* UITextField+Extension.swift */ = {isa = PBXFileReference; fileEncoding = 4; lastKnownFileType = sourcecode.swift; name = "UITextField+Extension.swift"; path = "../../../coffee-cat/coffee-cat/Extensions/UITextField+Extension.swift"; sourceTree = "<group>"; };
		A0CBF4FE2B8CE0AC008CFAD3 /* administrator.json */ = {isa = PBXFileReference; fileEncoding = 4; lastKnownFileType = text.json; path = administrator.json; sourceTree = "<group>"; };
		A0CBF5032B8CE5FD008CFAD3 /* AdminViewController.swift */ = {isa = PBXFileReference; lastKnownFileType = sourcecode.swift; path = AdminViewController.swift; sourceTree = "<group>"; };
		A0CBF5052B8CE6DD008CFAD3 /* AdminFactory.swift */ = {isa = PBXFileReference; lastKnownFileType = sourcecode.swift; path = AdminFactory.swift; sourceTree = "<group>"; };
		A0CBF5072B8CE802008CFAD3 /* coffee.json */ = {isa = PBXFileReference; fileEncoding = 4; lastKnownFileType = text.json; name = coffee.json; path = "../../../coffee-cat/coffee-cat/Animations/coffee.json"; sourceTree = "<group>"; };
		A0CBF50A2B8CE9A5008CFAD3 /* AccountTableViewCell.swift */ = {isa = PBXFileReference; lastKnownFileType = sourcecode.swift; path = AccountTableViewCell.swift; sourceTree = "<group>"; };
/* End PBXFileReference section */

/* Begin PBXFrameworksBuildPhase section */
		A0CBF4B42B8CD31D008CFAD3 /* Frameworks */ = {
			isa = PBXFrameworksBuildPhase;
			buildActionMask = 2147483647;
			files = (
				A0CBF4D42B8CD7A6008CFAD3 /* Alamofire in Frameworks */,
				A0CBF4D72B8CD7B5008CFAD3 /* IQKeyboardManagerSwift in Frameworks */,
				A0CBF4DA2B8CD7C8008CFAD3 /* Lottie in Frameworks */,
			);
			runOnlyForDeploymentPostprocessing = 0;
		};
/* End PBXFrameworksBuildPhase section */

/* Begin PBXGroup section */
		A0CBF4AE2B8CD31D008CFAD3 = {
			isa = PBXGroup;
			children = (
				A0CBF4B92B8CD31D008CFAD3 /* coffee-cat-seller-center */,
				A0CBF4B82B8CD31D008CFAD3 /* Products */,
			);
			sourceTree = "<group>";
		};
		A0CBF4B82B8CD31D008CFAD3 /* Products */ = {
			isa = PBXGroup;
			children = (
				A0CBF4B72B8CD31D008CFAD3 /* coffee-cat-seller-center.app */,
			);
			name = Products;
			sourceTree = "<group>";
		};
		A0CBF4B92B8CD31D008CFAD3 /* coffee-cat-seller-center */ = {
			isa = PBXGroup;
			children = (
				A0CBF4F92B8CDCB4008CFAD3 /* Constants */,
				A0CBF4E22B8CDBAD008CFAD3 /* Extensions */,
				A0CBF4DF2B8CD9D2008CFAD3 /* Factories */,
				A0CBF4DE2B8CD99E008CFAD3 /* Animations */,
				A0CBF4DB2B8CD94D008CFAD3 /* Previews */,
				A0CBF4CF2B8CD3B1008CFAD3 /* Views */,
				A0CBF4CE2B8CD37C008CFAD3 /* Supporting */,
				A0CBF4C82B8CD31F008CFAD3 /* Info.plist */,
			);
			path = "coffee-cat-seller-center";
			sourceTree = "<group>";
		};
		A0CBF4CE2B8CD37C008CFAD3 /* Supporting */ = {
			isa = PBXGroup;
			children = (
				A0CBF4BA2B8CD31D008CFAD3 /* AppDelegate.swift */,
				A0CBF4BC2B8CD31D008CFAD3 /* SceneDelegate.swift */,
				A0CBF4C32B8CD31F008CFAD3 /* Assets.xcassets */,
				A0CBF4C52B8CD31F008CFAD3 /* LaunchScreen.storyboard */,
			);
			path = Supporting;
			sourceTree = "<group>";
		};
		A0CBF4CF2B8CD3B1008CFAD3 /* Views */ = {
			isa = PBXGroup;
			children = (
				A0CBF5092B8CE96B008CFAD3 /* TableViewCell */,
				A0CBF5022B8CE51F008CFAD3 /* Staff */,
				A0CBF5012B8CE516008CFAD3 /* ShopOwner */,
				A0CBF5002B8CE510008CFAD3 /* Admin */,
				A0CBF4D02B8CD3C6008CFAD3 /* SignInViewController.swift */,
			);
			path = Views;
			sourceTree = "<group>";
		};
		A0CBF4DB2B8CD94D008CFAD3 /* Previews */ = {
			isa = PBXGroup;
			children = (
				A0CBF4DC2B8CD962008CFAD3 /* VCPreview.swift */,
			);
			path = Previews;
			sourceTree = "<group>";
		};
		A0CBF4DE2B8CD99E008CFAD3 /* Animations */ = {
			isa = PBXGroup;
			children = (
				A0CBF5072B8CE802008CFAD3 /* coffee.json */,
				A0CBF4FE2B8CE0AC008CFAD3 /* administrator.json */,
			);
			path = Animations;
			sourceTree = "<group>";
		};
		A0CBF4DF2B8CD9D2008CFAD3 /* Factories */ = {
			isa = PBXGroup;
			children = (
				A0CBF4E02B8CDA04008CFAD3 /* SignInFactory.swift */,
				A0CBF5052B8CE6DD008CFAD3 /* AdminFactory.swift */,
				A06834272B8D90280086CE59 /* StaffAccountFactory.swift */,
			);
			path = Factories;
			sourceTree = "<group>";
		};
		A0CBF4E22B8CDBAD008CFAD3 /* Extensions */ = {
			isa = PBXGroup;
			children = (
				A0CBF4E62B8CDBD9008CFAD3 /* String+Extension.swift */,
				A0CBF4E92B8CDBD9008CFAD3 /* UIButton+Extension.swift */,
				A0CBF4E72B8CDBD9008CFAD3 /* UIFont+Extension.swift */,
				A0CBF4E82B8CDBD9008CFAD3 /* UIImage+Extension.swift */,
				A0CBF4E52B8CDBD9008CFAD3 /* UILabel+Extension.swift */,
				A0CBF4EA2B8CDBD9008CFAD3 /* UINavigationController+Extension.swift */,
				A0CBF4EB2B8CDBD9008CFAD3 /* UIScreen+Extension.swift */,
				A0CBF4E32B8CDBD9008CFAD3 /* UITabBar+Extension.swift */,
				A0CBF4EC2B8CDBD9008CFAD3 /* UITextField+Extension.swift */,
				A0CBF4E42B8CDBD9008CFAD3 /* UIView+Extension.swift */,
			);
			path = Extensions;
			sourceTree = "<group>";
		};
		A0CBF4F92B8CDCB4008CFAD3 /* Constants */ = {
			isa = PBXGroup;
			children = (
				A068341F2B8D853F0086CE59 /* NameConstants.swift */,
			);
			path = Constants;
			sourceTree = "<group>";
		};
		A0CBF5002B8CE510008CFAD3 /* Admin */ = {
			isa = PBXGroup;
			children = (
				A0CBF5032B8CE5FD008CFAD3 /* AdminViewController.swift */,
			);
			path = Admin;
			sourceTree = "<group>";
		};
		A0CBF5012B8CE516008CFAD3 /* ShopOwner */ = {
			isa = PBXGroup;
			children = (
				A06834212B8D86220086CE59 /* ShopTabBarViewController.swift */,
				A06834232B8D87180086CE59 /* StaffAccountViewController.swift */,
				A06834252B8D872A0086CE59 /* ShopManagerViewController.swift */,
			);
			path = ShopOwner;
			sourceTree = "<group>";
		};
		A0CBF5022B8CE51F008CFAD3 /* Staff */ = {
			isa = PBXGroup;
			children = (
			);
			path = Staff;
			sourceTree = "<group>";
		};
		A0CBF5092B8CE96B008CFAD3 /* TableViewCell */ = {
			isa = PBXGroup;
			children = (
				A0CBF50A2B8CE9A5008CFAD3 /* AccountTableViewCell.swift */,
			);
			path = TableViewCell;
			sourceTree = "<group>";
		};
/* End PBXGroup section */

/* Begin PBXNativeTarget section */
		A0CBF4B62B8CD31D008CFAD3 /* coffee-cat-seller-center */ = {
			isa = PBXNativeTarget;
			buildConfigurationList = A0CBF4CB2B8CD31F008CFAD3 /* Build configuration list for PBXNativeTarget "coffee-cat-seller-center" */;
			buildPhases = (
				A0CBF4B32B8CD31D008CFAD3 /* Sources */,
				A0CBF4B42B8CD31D008CFAD3 /* Frameworks */,
				A0CBF4B52B8CD31D008CFAD3 /* Resources */,
			);
			buildRules = (
			);
			dependencies = (
			);
			name = "coffee-cat-seller-center";
			packageProductDependencies = (
				A0CBF4D32B8CD7A6008CFAD3 /* Alamofire */,
				A0CBF4D62B8CD7B5008CFAD3 /* IQKeyboardManagerSwift */,
				A0CBF4D92B8CD7C8008CFAD3 /* Lottie */,
			);
			productName = "coffee-cat-seller-center";
			productReference = A0CBF4B72B8CD31D008CFAD3 /* coffee-cat-seller-center.app */;
			productType = "com.apple.product-type.application";
		};
/* End PBXNativeTarget section */

/* Begin PBXProject section */
		A0CBF4AF2B8CD31D008CFAD3 /* Project object */ = {
			isa = PBXProject;
			attributes = {
				BuildIndependentTargetsInParallel = 1;
				LastSwiftUpdateCheck = 1520;
				LastUpgradeCheck = 1520;
				TargetAttributes = {
					A0CBF4B62B8CD31D008CFAD3 = {
						CreatedOnToolsVersion = 15.2;
					};
				};
			};
			buildConfigurationList = A0CBF4B22B8CD31D008CFAD3 /* Build configuration list for PBXProject "coffee-cat-seller-center" */;
			compatibilityVersion = "Xcode 14.0";
			developmentRegion = en;
			hasScannedForEncodings = 0;
			knownRegions = (
				en,
				Base,
			);
			mainGroup = A0CBF4AE2B8CD31D008CFAD3;
			packageReferences = (
				A0CBF4D22B8CD7A6008CFAD3 /* XCRemoteSwiftPackageReference "Alamofire" */,
				A0CBF4D52B8CD7B5008CFAD3 /* XCRemoteSwiftPackageReference "IQKeyboardManager" */,
				A0CBF4D82B8CD7C8008CFAD3 /* XCRemoteSwiftPackageReference "lottie-ios" */,
			);
			productRefGroup = A0CBF4B82B8CD31D008CFAD3 /* Products */;
			projectDirPath = "";
			projectRoot = "";
			targets = (
				A0CBF4B62B8CD31D008CFAD3 /* coffee-cat-seller-center */,
			);
		};
/* End PBXProject section */

/* Begin PBXResourcesBuildPhase section */
		A0CBF4B52B8CD31D008CFAD3 /* Resources */ = {
			isa = PBXResourcesBuildPhase;
			buildActionMask = 2147483647;
			files = (
				A0CBF4C72B8CD31F008CFAD3 /* LaunchScreen.storyboard in Resources */,
				A0CBF4FF2B8CE0AC008CFAD3 /* administrator.json in Resources */,
				A0CBF4C42B8CD31F008CFAD3 /* Assets.xcassets in Resources */,
				A0CBF5082B8CE802008CFAD3 /* coffee.json in Resources */,
			);
			runOnlyForDeploymentPostprocessing = 0;
		};
/* End PBXResourcesBuildPhase section */

/* Begin PBXSourcesBuildPhase section */
		A0CBF4B32B8CD31D008CFAD3 /* Sources */ = {
			isa = PBXSourcesBuildPhase;
			buildActionMask = 2147483647;
			files = (
				A06834262B8D872A0086CE59 /* ShopManagerViewController.swift in Sources */,
				A0CBF5062B8CE6DD008CFAD3 /* AdminFactory.swift in Sources */,
				A0CBF4F62B8CDBD9008CFAD3 /* UITextField+Extension.swift in Sources */,
				A0CBF4EF2B8CDBD9008CFAD3 /* UILabel+Extension.swift in Sources */,
				A0CBF5042B8CE5FD008CFAD3 /* AdminViewController.swift in Sources */,
				A0CBF4F02B8CDBD9008CFAD3 /* String+Extension.swift in Sources */,
				A0CBF50B2B8CE9A5008CFAD3 /* AccountTableViewCell.swift in Sources */,
				A06834222B8D86220086CE59 /* ShopTabBarViewController.swift in Sources */,
				A0CBF4E12B8CDA04008CFAD3 /* SignInFactory.swift in Sources */,
				A0CBF4EE2B8CDBD9008CFAD3 /* UIView+Extension.swift in Sources */,
				A0CBF4ED2B8CDBD9008CFAD3 /* UITabBar+Extension.swift in Sources */,
				A0CBF4F42B8CDBD9008CFAD3 /* UINavigationController+Extension.swift in Sources */,
				A06834202B8D853F0086CE59 /* NameConstants.swift in Sources */,
				A0CBF4F32B8CDBD9008CFAD3 /* UIButton+Extension.swift in Sources */,
				A0CBF4D12B8CD3C6008CFAD3 /* SignInViewController.swift in Sources */,
				A0CBF4DD2B8CD962008CFAD3 /* VCPreview.swift in Sources */,
				A0CBF4BB2B8CD31D008CFAD3 /* AppDelegate.swift in Sources */,
				A0CBF4F12B8CDBD9008CFAD3 /* UIFont+Extension.swift in Sources */,
				A0CBF4F22B8CDBD9008CFAD3 /* UIImage+Extension.swift in Sources */,
				A0CBF4BD2B8CD31D008CFAD3 /* SceneDelegate.swift in Sources */,
				A06834282B8D90280086CE59 /* StaffAccountFactory.swift in Sources */,
				A0CBF4F52B8CDBD9008CFAD3 /* UIScreen+Extension.swift in Sources */,
				A06834242B8D87180086CE59 /* StaffAccountViewController.swift in Sources */,
			);
			runOnlyForDeploymentPostprocessing = 0;
		};
/* End PBXSourcesBuildPhase section */

/* Begin PBXVariantGroup section */
		A0CBF4C52B8CD31F008CFAD3 /* LaunchScreen.storyboard */ = {
			isa = PBXVariantGroup;
			children = (
				A0CBF4C62B8CD31F008CFAD3 /* Base */,
			);
			name = LaunchScreen.storyboard;
			sourceTree = "<group>";
		};
/* End PBXVariantGroup section */

/* Begin XCBuildConfiguration section */
		A0CBF4C92B8CD31F008CFAD3 /* Debug */ = {
			isa = XCBuildConfiguration;
			buildSettings = {
				ALWAYS_SEARCH_USER_PATHS = NO;
				ASSETCATALOG_COMPILER_GENERATE_SWIFT_ASSET_SYMBOL_EXTENSIONS = YES;
				CLANG_ANALYZER_NONNULL = YES;
				CLANG_ANALYZER_NUMBER_OBJECT_CONVERSION = YES_AGGRESSIVE;
				CLANG_CXX_LANGUAGE_STANDARD = "gnu++20";
				CLANG_ENABLE_MODULES = YES;
				CLANG_ENABLE_OBJC_ARC = YES;
				CLANG_ENABLE_OBJC_WEAK = YES;
				CLANG_WARN_BLOCK_CAPTURE_AUTORELEASING = YES;
				CLANG_WARN_BOOL_CONVERSION = YES;
				CLANG_WARN_COMMA = YES;
				CLANG_WARN_CONSTANT_CONVERSION = YES;
				CLANG_WARN_DEPRECATED_OBJC_IMPLEMENTATIONS = YES;
				CLANG_WARN_DIRECT_OBJC_ISA_USAGE = YES_ERROR;
				CLANG_WARN_DOCUMENTATION_COMMENTS = YES;
				CLANG_WARN_EMPTY_BODY = YES;
				CLANG_WARN_ENUM_CONVERSION = YES;
				CLANG_WARN_INFINITE_RECURSION = YES;
				CLANG_WARN_INT_CONVERSION = YES;
				CLANG_WARN_NON_LITERAL_NULL_CONVERSION = YES;
				CLANG_WARN_OBJC_IMPLICIT_RETAIN_SELF = YES;
				CLANG_WARN_OBJC_LITERAL_CONVERSION = YES;
				CLANG_WARN_OBJC_ROOT_CLASS = YES_ERROR;
				CLANG_WARN_QUOTED_INCLUDE_IN_FRAMEWORK_HEADER = YES;
				CLANG_WARN_RANGE_LOOP_ANALYSIS = YES;
				CLANG_WARN_STRICT_PROTOTYPES = YES;
				CLANG_WARN_SUSPICIOUS_MOVE = YES;
				CLANG_WARN_UNGUARDED_AVAILABILITY = YES_AGGRESSIVE;
				CLANG_WARN_UNREACHABLE_CODE = YES;
				CLANG_WARN__DUPLICATE_METHOD_MATCH = YES;
				COPY_PHASE_STRIP = NO;
				DEBUG_INFORMATION_FORMAT = dwarf;
				ENABLE_STRICT_OBJC_MSGSEND = YES;
				ENABLE_TESTABILITY = YES;
				ENABLE_USER_SCRIPT_SANDBOXING = YES;
				GCC_C_LANGUAGE_STANDARD = gnu17;
				GCC_DYNAMIC_NO_PIC = NO;
				GCC_NO_COMMON_BLOCKS = YES;
				GCC_OPTIMIZATION_LEVEL = 0;
				GCC_PREPROCESSOR_DEFINITIONS = (
					"DEBUG=1",
					"$(inherited)",
				);
				GCC_WARN_64_TO_32_BIT_CONVERSION = YES;
				GCC_WARN_ABOUT_RETURN_TYPE = YES_ERROR;
				GCC_WARN_UNDECLARED_SELECTOR = YES;
				GCC_WARN_UNINITIALIZED_AUTOS = YES_AGGRESSIVE;
				GCC_WARN_UNUSED_FUNCTION = YES;
				GCC_WARN_UNUSED_VARIABLE = YES;
				IPHONEOS_DEPLOYMENT_TARGET = 17.2;
				LOCALIZATION_PREFERS_STRING_CATALOGS = YES;
				MTL_ENABLE_DEBUG_INFO = INCLUDE_SOURCE;
				MTL_FAST_MATH = YES;
				ONLY_ACTIVE_ARCH = YES;
				SDKROOT = iphoneos;
				SWIFT_ACTIVE_COMPILATION_CONDITIONS = "DEBUG $(inherited)";
				SWIFT_OPTIMIZATION_LEVEL = "-Onone";
			};
			name = Debug;
		};
		A0CBF4CA2B8CD31F008CFAD3 /* Release */ = {
			isa = XCBuildConfiguration;
			buildSettings = {
				ALWAYS_SEARCH_USER_PATHS = NO;
				ASSETCATALOG_COMPILER_GENERATE_SWIFT_ASSET_SYMBOL_EXTENSIONS = YES;
				CLANG_ANALYZER_NONNULL = YES;
				CLANG_ANALYZER_NUMBER_OBJECT_CONVERSION = YES_AGGRESSIVE;
				CLANG_CXX_LANGUAGE_STANDARD = "gnu++20";
				CLANG_ENABLE_MODULES = YES;
				CLANG_ENABLE_OBJC_ARC = YES;
				CLANG_ENABLE_OBJC_WEAK = YES;
				CLANG_WARN_BLOCK_CAPTURE_AUTORELEASING = YES;
				CLANG_WARN_BOOL_CONVERSION = YES;
				CLANG_WARN_COMMA = YES;
				CLANG_WARN_CONSTANT_CONVERSION = YES;
				CLANG_WARN_DEPRECATED_OBJC_IMPLEMENTATIONS = YES;
				CLANG_WARN_DIRECT_OBJC_ISA_USAGE = YES_ERROR;
				CLANG_WARN_DOCUMENTATION_COMMENTS = YES;
				CLANG_WARN_EMPTY_BODY = YES;
				CLANG_WARN_ENUM_CONVERSION = YES;
				CLANG_WARN_INFINITE_RECURSION = YES;
				CLANG_WARN_INT_CONVERSION = YES;
				CLANG_WARN_NON_LITERAL_NULL_CONVERSION = YES;
				CLANG_WARN_OBJC_IMPLICIT_RETAIN_SELF = YES;
				CLANG_WARN_OBJC_LITERAL_CONVERSION = YES;
				CLANG_WARN_OBJC_ROOT_CLASS = YES_ERROR;
				CLANG_WARN_QUOTED_INCLUDE_IN_FRAMEWORK_HEADER = YES;
				CLANG_WARN_RANGE_LOOP_ANALYSIS = YES;
				CLANG_WARN_STRICT_PROTOTYPES = YES;
				CLANG_WARN_SUSPICIOUS_MOVE = YES;
				CLANG_WARN_UNGUARDED_AVAILABILITY = YES_AGGRESSIVE;
				CLANG_WARN_UNREACHABLE_CODE = YES;
				CLANG_WARN__DUPLICATE_METHOD_MATCH = YES;
				COPY_PHASE_STRIP = NO;
				DEBUG_INFORMATION_FORMAT = "dwarf-with-dsym";
				ENABLE_NS_ASSERTIONS = NO;
				ENABLE_STRICT_OBJC_MSGSEND = YES;
				ENABLE_USER_SCRIPT_SANDBOXING = YES;
				GCC_C_LANGUAGE_STANDARD = gnu17;
				GCC_NO_COMMON_BLOCKS = YES;
				GCC_WARN_64_TO_32_BIT_CONVERSION = YES;
				GCC_WARN_ABOUT_RETURN_TYPE = YES_ERROR;
				GCC_WARN_UNDECLARED_SELECTOR = YES;
				GCC_WARN_UNINITIALIZED_AUTOS = YES_AGGRESSIVE;
				GCC_WARN_UNUSED_FUNCTION = YES;
				GCC_WARN_UNUSED_VARIABLE = YES;
				IPHONEOS_DEPLOYMENT_TARGET = 17.2;
				LOCALIZATION_PREFERS_STRING_CATALOGS = YES;
				MTL_ENABLE_DEBUG_INFO = NO;
				MTL_FAST_MATH = YES;
				SDKROOT = iphoneos;
				SWIFT_COMPILATION_MODE = wholemodule;
				VALIDATE_PRODUCT = YES;
			};
			name = Release;
		};
		A0CBF4CC2B8CD31F008CFAD3 /* Debug */ = {
			isa = XCBuildConfiguration;
			buildSettings = {
				ASSETCATALOG_COMPILER_APPICON_NAME = AppIcon;
				ASSETCATALOG_COMPILER_GLOBAL_ACCENT_COLOR_NAME = AccentColor;
				CODE_SIGN_STYLE = Automatic;
				CURRENT_PROJECT_VERSION = 1;
				DEVELOPMENT_TEAM = RZ964C6Z7D;
				GENERATE_INFOPLIST_FILE = YES;
				INFOPLIST_FILE = "coffee-cat-seller-center/Info.plist";
				INFOPLIST_KEY_UIApplicationSupportsIndirectInputEvents = YES;
				INFOPLIST_KEY_UILaunchStoryboardName = LaunchScreen;
				INFOPLIST_KEY_UISupportedInterfaceOrientations_iPad = "UIInterfaceOrientationPortrait UIInterfaceOrientationPortraitUpsideDown UIInterfaceOrientationLandscapeLeft UIInterfaceOrientationLandscapeRight";
				INFOPLIST_KEY_UISupportedInterfaceOrientations_iPhone = "UIInterfaceOrientationPortrait UIInterfaceOrientationLandscapeLeft UIInterfaceOrientationLandscapeRight";
				LD_RUNPATH_SEARCH_PATHS = (
					"$(inherited)",
					"@executable_path/Frameworks",
				);
				MARKETING_VERSION = 1.0;
				PRODUCT_BUNDLE_IDENTIFIER = "com.tinit4ever.coffee-cat-seller-center";
				PRODUCT_NAME = "$(TARGET_NAME)";
				SWIFT_EMIT_LOC_STRINGS = YES;
				SWIFT_VERSION = 5.0;
				TARGETED_DEVICE_FAMILY = "1,2";
			};
			name = Debug;
		};
		A0CBF4CD2B8CD31F008CFAD3 /* Release */ = {
			isa = XCBuildConfiguration;
			buildSettings = {
				ASSETCATALOG_COMPILER_APPICON_NAME = AppIcon;
				ASSETCATALOG_COMPILER_GLOBAL_ACCENT_COLOR_NAME = AccentColor;
				CODE_SIGN_STYLE = Automatic;
				CURRENT_PROJECT_VERSION = 1;
				DEVELOPMENT_TEAM = RZ964C6Z7D;
				GENERATE_INFOPLIST_FILE = YES;
				INFOPLIST_FILE = "coffee-cat-seller-center/Info.plist";
				INFOPLIST_KEY_UIApplicationSupportsIndirectInputEvents = YES;
				INFOPLIST_KEY_UILaunchStoryboardName = LaunchScreen;
				INFOPLIST_KEY_UISupportedInterfaceOrientations_iPad = "UIInterfaceOrientationPortrait UIInterfaceOrientationPortraitUpsideDown UIInterfaceOrientationLandscapeLeft UIInterfaceOrientationLandscapeRight";
				INFOPLIST_KEY_UISupportedInterfaceOrientations_iPhone = "UIInterfaceOrientationPortrait UIInterfaceOrientationLandscapeLeft UIInterfaceOrientationLandscapeRight";
				LD_RUNPATH_SEARCH_PATHS = (
					"$(inherited)",
					"@executable_path/Frameworks",
				);
				MARKETING_VERSION = 1.0;
				PRODUCT_BUNDLE_IDENTIFIER = "com.tinit4ever.coffee-cat-seller-center";
				PRODUCT_NAME = "$(TARGET_NAME)";
				SWIFT_EMIT_LOC_STRINGS = YES;
				SWIFT_VERSION = 5.0;
				TARGETED_DEVICE_FAMILY = "1,2";
			};
			name = Release;
		};
/* End XCBuildConfiguration section */

/* Begin XCConfigurationList section */
		A0CBF4B22B8CD31D008CFAD3 /* Build configuration list for PBXProject "coffee-cat-seller-center" */ = {
			isa = XCConfigurationList;
			buildConfigurations = (
				A0CBF4C92B8CD31F008CFAD3 /* Debug */,
				A0CBF4CA2B8CD31F008CFAD3 /* Release */,
			);
			defaultConfigurationIsVisible = 0;
			defaultConfigurationName = Release;
		};
		A0CBF4CB2B8CD31F008CFAD3 /* Build configuration list for PBXNativeTarget "coffee-cat-seller-center" */ = {
			isa = XCConfigurationList;
			buildConfigurations = (
				A0CBF4CC2B8CD31F008CFAD3 /* Debug */,
				A0CBF4CD2B8CD31F008CFAD3 /* Release */,
			);
			defaultConfigurationIsVisible = 0;
			defaultConfigurationName = Release;
		};
/* End XCConfigurationList section */

/* Begin XCRemoteSwiftPackageReference section */
		A0CBF4D22B8CD7A6008CFAD3 /* XCRemoteSwiftPackageReference "Alamofire" */ = {
			isa = XCRemoteSwiftPackageReference;
			repositoryURL = "https://github.com/Alamofire/Alamofire.git";
			requirement = {
				kind = upToNextMajorVersion;
				minimumVersion = 5.8.1;
			};
		};
		A0CBF4D52B8CD7B5008CFAD3 /* XCRemoteSwiftPackageReference "IQKeyboardManager" */ = {
			isa = XCRemoteSwiftPackageReference;
			repositoryURL = "https://github.com/hackiftekhar/IQKeyboardManager.git";
			requirement = {
				kind = upToNextMajorVersion;
				minimumVersion = 7.0.1;
			};
		};
		A0CBF4D82B8CD7C8008CFAD3 /* XCRemoteSwiftPackageReference "lottie-ios" */ = {
			isa = XCRemoteSwiftPackageReference;
			repositoryURL = "https://github.com/airbnb/lottie-ios.git";
			requirement = {
				kind = upToNextMajorVersion;
				minimumVersion = 4.4.1;
			};
		};
/* End XCRemoteSwiftPackageReference section */

/* Begin XCSwiftPackageProductDependency section */
		A0CBF4D32B8CD7A6008CFAD3 /* Alamofire */ = {
			isa = XCSwiftPackageProductDependency;
			package = A0CBF4D22B8CD7A6008CFAD3 /* XCRemoteSwiftPackageReference "Alamofire" */;
			productName = Alamofire;
		};
		A0CBF4D62B8CD7B5008CFAD3 /* IQKeyboardManagerSwift */ = {
			isa = XCSwiftPackageProductDependency;
			package = A0CBF4D52B8CD7B5008CFAD3 /* XCRemoteSwiftPackageReference "IQKeyboardManager" */;
			productName = IQKeyboardManagerSwift;
		};
		A0CBF4D92B8CD7C8008CFAD3 /* Lottie */ = {
			isa = XCSwiftPackageProductDependency;
			package = A0CBF4D82B8CD7C8008CFAD3 /* XCRemoteSwiftPackageReference "lottie-ios" */;
			productName = Lottie;
		};
/* End XCSwiftPackageProductDependency section */
	};
	rootObject = A0CBF4AF2B8CD31D008CFAD3 /* Project object */;
}
